
Microsoft Visual Studio Solution File, Format Version 11.00
# Visual Studio 2010
Project("{2150E333-8FDC-42A3-9474-1A3956D46DE8}") = "Solution Items", "Solution Items", "{3B4FCB37-FAEF-4E29-9447-39AD94252146}"
	ProjectSection(SolutionItems) = preProject
		ASOSRestService.vsmdi = ASOSRestService.vsmdi
		localtestrun.testrunconfig = localtestrun.testrunconfig
	EndProjectSection
	ProjectSection(FolderStartupServices) = postProject
		{B4F97281-0DBD-4835-9ED8-7DFB966E87FF} = {B4F97281-0DBD-4835-9ED8-7DFB966E87FF}
		{B4F97281-0DBD-4835-9ED8-7DFB966E87FF} = {B4F97281-0DBD-4835-9ED8-7DFB966E87FF}
		{B4F97281-0DBD-4835-9ED8-7DFB966E87FF} = {B4F97281-0DBD-4835-9ED8-7DFB966E87FF}
		{B4F97281-0DBD-4835-9ED8-7DFB966E87FF} = {B4F97281-0DBD-4835-9ED8-7DFB966E87FF}
		{B4F97281-0DBD-4835-9ED8-7DFB966E87FF} = {B4F97281-0DBD-4835-9ED8-7DFB966E87FF}
		{B4F97281-0DBD-4835-9ED8-7DFB966E87FF} = {B4F97281-0DBD-4835-9ED8-7DFB966E87FF}
		{B4F97281-0DBD-4835-9ED8-7DFB966E87FF} = {B4F97281-0DBD-4835-9ED8-7DFB966E87FF}
		{B4F97281-0DBD-4835-9ED8-7DFB966E87FF} = {B4F97281-0DBD-4835-9ED8-7DFB966E87FF}
		{B4F97281-0DBD-4835-9ED8-7DFB966E87FF} = {B4F97281-0DBD-4835-9ED8-7DFB966E87FF}
		{B4F97281-0DBD-4835-9ED8-7DFB966E87FF} = {B4F97281-0DBD-4835-9ED8-7DFB966E87FF}
		{B4F97281-0DBD-4835-9ED8-7DFB966E87FF} = {B4F97281-0DBD-4835-9ED8-7DFB966E87FF}
		{B4F97281-0DBD-4835-9ED8-7DFB966E87FF} = {B4F97281-0DBD-4835-9ED8-7DFB966E87FF}
		{B4F97281-0DBD-4835-9ED8-7DFB966E87FF} = {B4F97281-0DBD-4835-9ED8-7DFB966E87FF}
		{B4F97281-0DBD-4835-9ED8-7DFB966E87FF} = {B4F97281-0DBD-4835-9ED8-7DFB966E87FF}
		{B4F97281-0DBD-4835-9ED8-7DFB966E87FF} = {B4F97281-0DBD-4835-9ED8-7DFB966E87FF}
		{B4F97281-0DBD-4835-9ED8-7DFB966E87FF} = {B4F97281-0DBD-4835-9ED8-7DFB966E87FF}
		{B4F97281-0DBD-4835-9ED8-7DFB966E87FF} = {B4F97281-0DBD-4835-9ED8-7DFB966E87FF}
		{B4F97281-0DBD-4835-9ED8-7DFB966E87FF} = {B4F97281-0DBD-4835-9ED8-7DFB966E87FF}
		{B4F97281-0DBD-4835-9ED8-7DFB966E87FF} = {B4F97281-0DBD-4835-9ED8-7DFB966E87FF}
	EndProjectSection
EndProject
Project("{FAE04EC0-301F-11D3-BF4B-00C04F79EFBC}") = "ASOSRestService", "ASOSRestService\ASOSRestService.csproj", "{D1357F4E-3576-4970-9D26-896DEF41879D}"
EndProject
Project("{FAE04EC0-301F-11D3-BF4B-00C04F79EFBC}") = "ASOSRestTest", "ASOSRestTest\ASOSRestTest.csproj", "{DEDE0471-175F-49DB-BFE3-0E7FF6864DA2}"
EndProject
Project("{FAE04EC0-301F-11D3-BF4B-00C04F79EFBC}") = "NCDCRestExport", "NCDCRestExport\NCDCRestExport.csproj", "{BC048713-B02D-49DA-BB6A-9F728F7B75C6}"
EndProject
Project("{C8D11400-126E-41CD-887F-60BD40844F9E}") = "ASOSTestDatabase", "ASOSTestDatabase\ASOSTestDatabase.dbproj", "{67CBC824-A49E-4E9B-A947-360F3DFE65C3}"
EndProject
Project("{FAE04EC0-301F-11D3-BF4B-00C04F79EFBC}") = "ASOSImportCommand", "ASOSImportCommand\ASOSImportCommand.csproj", "{0F47D988-6DC1-46DF-B959-46D744F9B6A4}"
EndProject
Project("{FAE04EC0-301F-11D3-BF4B-00C04F79EFBC}") = "ImportISD", "ImportISD\ImportISD.csproj", "{FA69A0F2-5FB3-40E8-957E-2BF6FADCE26A}"
EndProject
Project("{FAE04EC0-301F-11D3-BF4B-00C04F79EFBC}") = "WOFutilities", "..\WOFutilities\WOFutilities.csproj", "{F5784002-25A7-4217-91C3-09EF0BE623C3}"
EndProject
Project("{FAE04EC0-301F-11D3-BF4B-00C04F79EFBC}") = "waterOneFlowImpl", "..\waterOneFlowImpl\waterOneFlowImpl.csproj", "{533D0719-6D5F-4F02-BD8C-B3D829E9DEB2}"
EndProject
Project("{FAE04EC0-301F-11D3-BF4B-00C04F79EFBC}") = "WofCapabilities", "..\WofCapabilities\WofCapabilities.csproj", "{AC9A8B88-23F1-4972-B757-0CA82B3B00EB}"
EndProject
Project("{FAE04EC0-301F-11D3-BF4B-00C04F79EFBC}") = "ODM1_1_Datasets", "..\ODM1_1_Datasets\ODM1_1_Datasets.csproj", "{5EEAEAA9-A624-4C68-A6B9-250AF448DE4B}"
EndProject
Project("{FAE04EC0-301F-11D3-BF4B-00C04F79EFBC}") = "ODM1_0_Datasets", "..\ODM1_0_Datasets\ODM1_0_Datasets.csproj", "{7CC3CBAF-84AA-4C14-95A8-926C92580F3E}"
EndProject
Project("{FAE04EC0-301F-11D3-BF4B-00C04F79EFBC}") = "WofSchemas", "..\WofSchemas\WofSchemas.csproj", "{2827D644-4DD6-4206-9203-EF48B586CD38}"
EndProject
Project("{FAE04EC0-301F-11D3-BF4B-00C04F79EFBC}") = "WOFService", "..\WOFService\WOFService.csproj", "{A1B499C5-1A02-4E66-9DFB-CFBE4A23E7F4}"
EndProject
Project("{FAE04EC0-301F-11D3-BF4B-00C04F79EFBC}") = "ODMDataInfoSource", "..\ODMDataInfoSource\ODMDataInfoSource.csproj", "{9EC0523A-D560-464B-B3E6-F25601BA9F58}"
EndProject
Project("{E24C65DC-7377-472B-9ABA-BC803B73C61A}") = "NCDCISD", "NCDCISD\", "{CC971C97-B187-4540-B811-8C194423C8FF}"
	ProjectSection(WebsiteProperties) = preProject
		TargetFrameworkMoniker = ".NETFramework,Version%3Dv4.0"
		ProjectReferences = "{533D0719-6D5F-4F02-BD8C-B3D829E9DEB2}|waterOneFlowImpl.dll;{AC9A8B88-23F1-4972-B757-0CA82B3B00EB}|WofCapabilities.dll;{2827D644-4DD6-4206-9203-EF48B586CD38}|WofSchemas.dll;{D1357F4E-3576-4970-9D26-896DEF41879D}|ASOSRestService.dll;{9EC0523A-D560-464B-B3E6-F25601BA9F58}|ODMDataInfoSource.dll;{A1B499C5-1A02-4E66-9DFB-CFBE4A23E7F4}|WOFService.dll;{F5784002-25A7-4217-91C3-09EF0BE623C3}|WOFutilities.dll;"
		Debug.AspNetCompiler.VirtualPath = "/NCDCISD"
		Debug.AspNetCompiler.PhysicalPath = "NCDCISD\"
		Debug.AspNetCompiler.TargetPath = "PrecompiledWeb\NCDCISD\"
		Debug.AspNetCompiler.Updateable = "true"
		Debug.AspNetCompiler.ForceOverwrite = "true"
		Debug.AspNetCompiler.FixedNames = "false"
		Debug.AspNetCompiler.Debug = "True"
		Release.AspNetCompiler.VirtualPath = "/NCDCISD"
		Release.AspNetCompiler.PhysicalPath = "NCDCISD\"
		Release.AspNetCompiler.TargetPath = "PrecompiledWeb\NCDCISD\"
		Release.AspNetCompiler.Updateable = "true"
		Release.AspNetCompiler.ForceOverwrite = "true"
		Release.AspNetCompiler.FixedNames = "false"
		Release.AspNetCompiler.Debug = "False"
		VWDPort = "24819"
		DefaultWebSiteLanguage = "Visual C#"
	EndProjectSection
EndProject
Project("{2CFEAB61-6A3B-4EB8-B523-560B4BEEF521}") = "NCDCISD_deploy", "NCDCISD_deploy\NCDCISD_deploy.wdproj", "{D6AFFB90-4B6A-41DD-B04E-354249B959FE}"
EndProject
Global
	GlobalSection(TestCaseManagementSettings) = postSolution
		CategoryFile = ASOSRestService.vsmdi
	EndGlobalSection
	GlobalSection(SolutionConfigurationPlatforms) = preSolution
		Debug|.NET = Debug|.NET
		Debug|Any CPU = Debug|Any CPU
		Debug|Mixed Platforms = Debug|Mixed Platforms
		Release|.NET = Release|.NET
		Release|Any CPU = Release|Any CPU
		Release|Mixed Platforms = Release|Mixed Platforms
		WaterDev|.NET = WaterDev|.NET
		WaterDev|Any CPU = WaterDev|Any CPU
		WaterDev|Mixed Platforms = WaterDev|Mixed Platforms
	EndGlobalSection
	GlobalSection(ProjectConfigurationPlatforms) = postSolution
		{D1357F4E-3576-4970-9D26-896DEF41879D}.Debug|.NET.ActiveCfg = Debug|Any CPU
		{D1357F4E-3576-4970-9D26-896DEF41879D}.Debug|Any CPU.ActiveCfg = Debug|Any CPU
		{D1357F4E-3576-4970-9D26-896DEF41879D}.Debug|Any CPU.Build.0 = Debug|Any CPU
		{D1357F4E-3576-4970-9D26-896DEF41879D}.Debug|Mixed Platforms.ActiveCfg = Debug|Any CPU
		{D1357F4E-3576-4970-9D26-896DEF41879D}.Debug|Mixed Platforms.Build.0 = Debug|Any CPU
		{D1357F4E-3576-4970-9D26-896DEF41879D}.Release|.NET.ActiveCfg = Release|Any CPU
		{D1357F4E-3576-4970-9D26-896DEF41879D}.Release|Any CPU.ActiveCfg = Release|Any CPU
		{D1357F4E-3576-4970-9D26-896DEF41879D}.Release|Any CPU.Build.0 = Release|Any CPU
		{D1357F4E-3576-4970-9D26-896DEF41879D}.Release|Mixed Platforms.ActiveCfg = Release|Any CPU
		{D1357F4E-3576-4970-9D26-896DEF41879D}.Release|Mixed Platforms.Build.0 = Release|Any CPU
		{D1357F4E-3576-4970-9D26-896DEF41879D}.WaterDev|.NET.ActiveCfg = Release|Any CPU
		{D1357F4E-3576-4970-9D26-896DEF41879D}.WaterDev|Any CPU.ActiveCfg = Release|Any CPU
		{D1357F4E-3576-4970-9D26-896DEF41879D}.WaterDev|Any CPU.Build.0 = Release|Any CPU
		{D1357F4E-3576-4970-9D26-896DEF41879D}.WaterDev|Mixed Platforms.ActiveCfg = Release|Any CPU
		{D1357F4E-3576-4970-9D26-896DEF41879D}.WaterDev|Mixed Platforms.Build.0 = Release|Any CPU
		{DEDE0471-175F-49DB-BFE3-0E7FF6864DA2}.Debug|.NET.ActiveCfg = Debug|Any CPU
		{DEDE0471-175F-49DB-BFE3-0E7FF6864DA2}.Debug|Any CPU.ActiveCfg = Debug|Any CPU
		{DEDE0471-175F-49DB-BFE3-0E7FF6864DA2}.Debug|Any CPU.Build.0 = Debug|Any CPU
		{DEDE0471-175F-49DB-BFE3-0E7FF6864DA2}.Debug|Mixed Platforms.ActiveCfg = Debug|Any CPU
		{DEDE0471-175F-49DB-BFE3-0E7FF6864DA2}.Debug|Mixed Platforms.Build.0 = Debug|Any CPU
		{DEDE0471-175F-49DB-BFE3-0E7FF6864DA2}.Release|.NET.ActiveCfg = Release|Any CPU
		{DEDE0471-175F-49DB-BFE3-0E7FF6864DA2}.Release|Any CPU.ActiveCfg = Release|Any CPU
		{DEDE0471-175F-49DB-BFE3-0E7FF6864DA2}.Release|Any CPU.Build.0 = Release|Any CPU
		{DEDE0471-175F-49DB-BFE3-0E7FF6864DA2}.Release|Mixed Platforms.ActiveCfg = Release|Any CPU
		{DEDE0471-175F-49DB-BFE3-0E7FF6864DA2}.Release|Mixed Platforms.Build.0 = Release|Any CPU
		{DEDE0471-175F-49DB-BFE3-0E7FF6864DA2}.WaterDev|.NET.ActiveCfg = Release|Any CPU
		{DEDE0471-175F-49DB-BFE3-0E7FF6864DA2}.WaterDev|Any CPU.ActiveCfg = Release|Any CPU
		{DEDE0471-175F-49DB-BFE3-0E7FF6864DA2}.WaterDev|Any CPU.Build.0 = Release|Any CPU
		{DEDE0471-175F-49DB-BFE3-0E7FF6864DA2}.WaterDev|Mixed Platforms.ActiveCfg = Release|Any CPU
		{DEDE0471-175F-49DB-BFE3-0E7FF6864DA2}.WaterDev|Mixed Platforms.Build.0 = Release|Any CPU
		{BC048713-B02D-49DA-BB6A-9F728F7B75C6}.Debug|.NET.ActiveCfg = Debug|Any CPU
		{BC048713-B02D-49DA-BB6A-9F728F7B75C6}.Debug|Any CPU.ActiveCfg = Debug|Any CPU
		{BC048713-B02D-49DA-BB6A-9F728F7B75C6}.Debug|Any CPU.Build.0 = Debug|Any CPU
		{BC048713-B02D-49DA-BB6A-9F728F7B75C6}.Debug|Mixed Platforms.ActiveCfg = Debug|Any CPU
		{BC048713-B02D-49DA-BB6A-9F728F7B75C6}.Debug|Mixed Platforms.Build.0 = Debug|Any CPU
		{BC048713-B02D-49DA-BB6A-9F728F7B75C6}.Release|.NET.ActiveCfg = Release|Any CPU
		{BC048713-B02D-49DA-BB6A-9F728F7B75C6}.Release|Any CPU.ActiveCfg = Release|Any CPU
		{BC048713-B02D-49DA-BB6A-9F728F7B75C6}.Release|Any CPU.Build.0 = Release|Any CPU
		{BC048713-B02D-49DA-BB6A-9F728F7B75C6}.Release|Mixed Platforms.ActiveCfg = Release|Any CPU
		{BC048713-B02D-49DA-BB6A-9F728F7B75C6}.Release|Mixed Platforms.Build.0 = Release|Any CPU
		{BC048713-B02D-49DA-BB6A-9F728F7B75C6}.WaterDev|.NET.ActiveCfg = Release|Any CPU
		{BC048713-B02D-49DA-BB6A-9F728F7B75C6}.WaterDev|Any CPU.ActiveCfg = Release|Any CPU
		{BC048713-B02D-49DA-BB6A-9F728F7B75C6}.WaterDev|Any CPU.Build.0 = Release|Any CPU
		{BC048713-B02D-49DA-BB6A-9F728F7B75C6}.WaterDev|Mixed Platforms.ActiveCfg = Release|Any CPU
		{BC048713-B02D-49DA-BB6A-9F728F7B75C6}.WaterDev|Mixed Platforms.Build.0 = Release|Any CPU
		{67CBC824-A49E-4E9B-A947-360F3DFE65C3}.Debug|.NET.ActiveCfg = Debug|Any CPU
		{67CBC824-A49E-4E9B-A947-360F3DFE65C3}.Debug|Any CPU.ActiveCfg = Debug|Any CPU
		{67CBC824-A49E-4E9B-A947-360F3DFE65C3}.Debug|Mixed Platforms.ActiveCfg = Debug|Any CPU
		{67CBC824-A49E-4E9B-A947-360F3DFE65C3}.Release|.NET.ActiveCfg = Release|Any CPU
		{67CBC824-A49E-4E9B-A947-360F3DFE65C3}.Release|Any CPU.ActiveCfg = Release|Any CPU
		{67CBC824-A49E-4E9B-A947-360F3DFE65C3}.Release|Mixed Platforms.ActiveCfg = Release|Any CPU
		{67CBC824-A49E-4E9B-A947-360F3DFE65C3}.WaterDev|.NET.ActiveCfg = Debug|Any CPU
		{67CBC824-A49E-4E9B-A947-360F3DFE65C3}.WaterDev|Any CPU.ActiveCfg = Debug|Any CPU
		{67CBC824-A49E-4E9B-A947-360F3DFE65C3}.WaterDev|Mixed Platforms.ActiveCfg = Debug|Any CPU
		{0F47D988-6DC1-46DF-B959-46D744F9B6A4}.Debug|.NET.ActiveCfg = Debug|Any CPU
		{0F47D988-6DC1-46DF-B959-46D744F9B6A4}.Debug|Any CPU.ActiveCfg = Debug|Any CPU
		{0F47D988-6DC1-46DF-B959-46D744F9B6A4}.Debug|Any CPU.Build.0 = Debug|Any CPU
		{0F47D988-6DC1-46DF-B959-46D744F9B6A4}.Debug|Mixed Platforms.ActiveCfg = Debug|Any CPU
		{0F47D988-6DC1-46DF-B959-46D744F9B6A4}.Debug|Mixed Platforms.Build.0 = Debug|Any CPU
		{0F47D988-6DC1-46DF-B959-46D744F9B6A4}.Release|.NET.ActiveCfg = Release|Any CPU
		{0F47D988-6DC1-46DF-B959-46D744F9B6A4}.Release|Any CPU.ActiveCfg = Release|Any CPU
		{0F47D988-6DC1-46DF-B959-46D744F9B6A4}.Release|Any CPU.Build.0 = Release|Any CPU
		{0F47D988-6DC1-46DF-B959-46D744F9B6A4}.Release|Mixed Platforms.ActiveCfg = Release|Any CPU
		{0F47D988-6DC1-46DF-B959-46D744F9B6A4}.Release|Mixed Platforms.Build.0 = Release|Any CPU
		{0F47D988-6DC1-46DF-B959-46D744F9B6A4}.WaterDev|.NET.ActiveCfg = Release|Any CPU
		{0F47D988-6DC1-46DF-B959-46D744F9B6A4}.WaterDev|Any CPU.ActiveCfg = Release|Any CPU
		{0F47D988-6DC1-46DF-B959-46D744F9B6A4}.WaterDev|Any CPU.Build.0 = Release|Any CPU
		{0F47D988-6DC1-46DF-B959-46D744F9B6A4}.WaterDev|Mixed Platforms.ActiveCfg = Release|Any CPU
		{0F47D988-6DC1-46DF-B959-46D744F9B6A4}.WaterDev|Mixed Platforms.Build.0 = Release|Any CPU
		{FA69A0F2-5FB3-40E8-957E-2BF6FADCE26A}.Debug|.NET.ActiveCfg = Debug|Any CPU
		{FA69A0F2-5FB3-40E8-957E-2BF6FADCE26A}.Debug|Any CPU.ActiveCfg = Debug|Any CPU
		{FA69A0F2-5FB3-40E8-957E-2BF6FADCE26A}.Debug|Any CPU.Build.0 = Debug|Any CPU
		{FA69A0F2-5FB3-40E8-957E-2BF6FADCE26A}.Debug|Mixed Platforms.ActiveCfg = Debug|Any CPU
		{FA69A0F2-5FB3-40E8-957E-2BF6FADCE26A}.Debug|Mixed Platforms.Build.0 = Debug|Any CPU
		{FA69A0F2-5FB3-40E8-957E-2BF6FADCE26A}.Release|.NET.ActiveCfg = Release|Any CPU
		{FA69A0F2-5FB3-40E8-957E-2BF6FADCE26A}.Release|Any CPU.ActiveCfg = Release|Any CPU
		{FA69A0F2-5FB3-40E8-957E-2BF6FADCE26A}.Release|Any CPU.Build.0 = Release|Any CPU
		{FA69A0F2-5FB3-40E8-957E-2BF6FADCE26A}.Release|Mixed Platforms.ActiveCfg = Release|Any CPU
		{FA69A0F2-5FB3-40E8-957E-2BF6FADCE26A}.Release|Mixed Platforms.Build.0 = Release|Any CPU
		{FA69A0F2-5FB3-40E8-957E-2BF6FADCE26A}.WaterDev|.NET.ActiveCfg = Release|Any CPU
		{FA69A0F2-5FB3-40E8-957E-2BF6FADCE26A}.WaterDev|Any CPU.ActiveCfg = Release|Any CPU
		{FA69A0F2-5FB3-40E8-957E-2BF6FADCE26A}.WaterDev|Any CPU.Build.0 = Release|Any CPU
		{FA69A0F2-5FB3-40E8-957E-2BF6FADCE26A}.WaterDev|Mixed Platforms.ActiveCfg = Release|Any CPU
		{FA69A0F2-5FB3-40E8-957E-2BF6FADCE26A}.WaterDev|Mixed Platforms.Build.0 = Release|Any CPU
		{F5784002-25A7-4217-91C3-09EF0BE623C3}.Debug|.NET.ActiveCfg = Debug|Any CPU
		{F5784002-25A7-4217-91C3-09EF0BE623C3}.Debug|Any CPU.ActiveCfg = Debug|Any CPU
		{F5784002-25A7-4217-91C3-09EF0BE623C3}.Debug|Any CPU.Build.0 = Debug|Any CPU
		{F5784002-25A7-4217-91C3-09EF0BE623C3}.Debug|Mixed Platforms.ActiveCfg = Debug|Any CPU
		{F5784002-25A7-4217-91C3-09EF0BE623C3}.Debug|Mixed Platforms.Build.0 = Debug|Any CPU
		{F5784002-25A7-4217-91C3-09EF0BE623C3}.Release|.NET.ActiveCfg = Release|Any CPU
		{F5784002-25A7-4217-91C3-09EF0BE623C3}.Release|Any CPU.ActiveCfg = Release|Any CPU
		{F5784002-25A7-4217-91C3-09EF0BE623C3}.Release|Any CPU.Build.0 = Release|Any CPU
		{F5784002-25A7-4217-91C3-09EF0BE623C3}.Release|Mixed Platforms.ActiveCfg = Release|Any CPU
		{F5784002-25A7-4217-91C3-09EF0BE623C3}.Release|Mixed Platforms.Build.0 = Release|Any CPU
		{F5784002-25A7-4217-91C3-09EF0BE623C3}.WaterDev|.NET.ActiveCfg = Release|Any CPU
		{F5784002-25A7-4217-91C3-09EF0BE623C3}.WaterDev|Any CPU.ActiveCfg = Release|Any CPU
		{F5784002-25A7-4217-91C3-09EF0BE623C3}.WaterDev|Any CPU.Build.0 = Release|Any CPU
		{F5784002-25A7-4217-91C3-09EF0BE623C3}.WaterDev|Mixed Platforms.ActiveCfg = Release|Any CPU
		{F5784002-25A7-4217-91C3-09EF0BE623C3}.WaterDev|Mixed Platforms.Build.0 = Release|Any CPU
		{533D0719-6D5F-4F02-BD8C-B3D829E9DEB2}.Debug|.NET.ActiveCfg = Debug|Any CPU
		{533D0719-6D5F-4F02-BD8C-B3D829E9DEB2}.Debug|Any CPU.ActiveCfg = Debug|Any CPU
		{533D0719-6D5F-4F02-BD8C-B3D829E9DEB2}.Debug|Any CPU.Build.0 = Debug|Any CPU
		{533D0719-6D5F-4F02-BD8C-B3D829E9DEB2}.Debug|Mixed Platforms.ActiveCfg = Debug|Any CPU
		{533D0719-6D5F-4F02-BD8C-B3D829E9DEB2}.Debug|Mixed Platforms.Build.0 = Debug|Any CPU
		{533D0719-6D5F-4F02-BD8C-B3D829E9DEB2}.Release|.NET.ActiveCfg = Release|Any CPU
		{533D0719-6D5F-4F02-BD8C-B3D829E9DEB2}.Release|Any CPU.ActiveCfg = Release|Any CPU
		{533D0719-6D5F-4F02-BD8C-B3D829E9DEB2}.Release|Any CPU.Build.0 = Release|Any CPU
		{533D0719-6D5F-4F02-BD8C-B3D829E9DEB2}.Release|Mixed Platforms.ActiveCfg = Release|Any CPU
		{533D0719-6D5F-4F02-BD8C-B3D829E9DEB2}.Release|Mixed Platforms.Build.0 = Release|Any CPU
		{533D0719-6D5F-4F02-BD8C-B3D829E9DEB2}.WaterDev|.NET.ActiveCfg = WaterDev|Any CPU
		{533D0719-6D5F-4F02-BD8C-B3D829E9DEB2}.WaterDev|Any CPU.ActiveCfg = WaterDev|Any CPU
		{533D0719-6D5F-4F02-BD8C-B3D829E9DEB2}.WaterDev|Any CPU.Build.0 = WaterDev|Any CPU
		{533D0719-6D5F-4F02-BD8C-B3D829E9DEB2}.WaterDev|Mixed Platforms.ActiveCfg = WaterDev|Any CPU
		{533D0719-6D5F-4F02-BD8C-B3D829E9DEB2}.WaterDev|Mixed Platforms.Build.0 = WaterDev|Any CPU
		{AC9A8B88-23F1-4972-B757-0CA82B3B00EB}.Debug|.NET.ActiveCfg = Debug|Any CPU
		{AC9A8B88-23F1-4972-B757-0CA82B3B00EB}.Debug|Any CPU.ActiveCfg = Debug|Any CPU
		{AC9A8B88-23F1-4972-B757-0CA82B3B00EB}.Debug|Any CPU.Build.0 = Debug|Any CPU
		{AC9A8B88-23F1-4972-B757-0CA82B3B00EB}.Debug|Mixed Platforms.ActiveCfg = Debug|Any CPU
		{AC9A8B88-23F1-4972-B757-0CA82B3B00EB}.Debug|Mixed Platforms.Build.0 = Debug|Any CPU
		{AC9A8B88-23F1-4972-B757-0CA82B3B00EB}.Release|.NET.ActiveCfg = Release|Any CPU
		{AC9A8B88-23F1-4972-B757-0CA82B3B00EB}.Release|Any CPU.ActiveCfg = Release|Any CPU
		{AC9A8B88-23F1-4972-B757-0CA82B3B00EB}.Release|Any CPU.Build.0 = Release|Any CPU
		{AC9A8B88-23F1-4972-B757-0CA82B3B00EB}.Release|Mixed Platforms.ActiveCfg = Release|Any CPU
		{AC9A8B88-23F1-4972-B757-0CA82B3B00EB}.Release|Mixed Platforms.Build.0 = Release|Any CPU
		{AC9A8B88-23F1-4972-B757-0CA82B3B00EB}.WaterDev|.NET.ActiveCfg = Release|Any CPU
		{AC9A8B88-23F1-4972-B757-0CA82B3B00EB}.WaterDev|Any CPU.ActiveCfg = Release|Any CPU
		{AC9A8B88-23F1-4972-B757-0CA82B3B00EB}.WaterDev|Any CPU.Build.0 = Release|Any CPU
		{AC9A8B88-23F1-4972-B757-0CA82B3B00EB}.WaterDev|Mixed Platforms.ActiveCfg = Release|Any CPU
		{AC9A8B88-23F1-4972-B757-0CA82B3B00EB}.WaterDev|Mixed Platforms.Build.0 = Release|Any CPU
		{5EEAEAA9-A624-4C68-A6B9-250AF448DE4B}.Debug|.NET.ActiveCfg = Debug|Any CPU
		{5EEAEAA9-A624-4C68-A6B9-250AF448DE4B}.Debug|Any CPU.ActiveCfg = Debug|Any CPU
		{5EEAEAA9-A624-4C68-A6B9-250AF448DE4B}.Debug|Any CPU.Build.0 = Debug|Any CPU
		{5EEAEAA9-A624-4C68-A6B9-250AF448DE4B}.Debug|Mixed Platforms.ActiveCfg = Debug|Any CPU
		{5EEAEAA9-A624-4C68-A6B9-250AF448DE4B}.Debug|Mixed Platforms.Build.0 = Debug|Any CPU
		{5EEAEAA9-A624-4C68-A6B9-250AF448DE4B}.Release|.NET.ActiveCfg = Release|Any CPU
		{5EEAEAA9-A624-4C68-A6B9-250AF448DE4B}.Release|Any CPU.ActiveCfg = Release|Any CPU
		{5EEAEAA9-A624-4C68-A6B9-250AF448DE4B}.Release|Any CPU.Build.0 = Release|Any CPU
		{5EEAEAA9-A624-4C68-A6B9-250AF448DE4B}.Release|Mixed Platforms.ActiveCfg = Release|Any CPU
		{5EEAEAA9-A624-4C68-A6B9-250AF448DE4B}.Release|Mixed Platforms.Build.0 = Release|Any CPU
		{5EEAEAA9-A624-4C68-A6B9-250AF448DE4B}.WaterDev|.NET.ActiveCfg = Release|Any CPU
		{5EEAEAA9-A624-4C68-A6B9-250AF448DE4B}.WaterDev|Any CPU.ActiveCfg = Release|Any CPU
		{5EEAEAA9-A624-4C68-A6B9-250AF448DE4B}.WaterDev|Any CPU.Build.0 = Release|Any CPU
		{5EEAEAA9-A624-4C68-A6B9-250AF448DE4B}.WaterDev|Mixed Platforms.ActiveCfg = Release|Any CPU
		{5EEAEAA9-A624-4C68-A6B9-250AF448DE4B}.WaterDev|Mixed Platforms.Build.0 = Release|Any CPU
		{7CC3CBAF-84AA-4C14-95A8-926C92580F3E}.Debug|.NET.ActiveCfg = Debug|Any CPU
		{7CC3CBAF-84AA-4C14-95A8-926C92580F3E}.Debug|Any CPU.ActiveCfg = Debug|Any CPU
		{7CC3CBAF-84AA-4C14-95A8-926C92580F3E}.Debug|Any CPU.Build.0 = Debug|Any CPU
		{7CC3CBAF-84AA-4C14-95A8-926C92580F3E}.Debug|Mixed Platforms.ActiveCfg = Debug|Any CPU
		{7CC3CBAF-84AA-4C14-95A8-926C92580F3E}.Debug|Mixed Platforms.Build.0 = Debug|Any CPU
		{7CC3CBAF-84AA-4C14-95A8-926C92580F3E}.Release|.NET.ActiveCfg = Release|Any CPU
		{7CC3CBAF-84AA-4C14-95A8-926C92580F3E}.Release|Any CPU.ActiveCfg = Release|Any CPU
		{7CC3CBAF-84AA-4C14-95A8-926C92580F3E}.Release|Any CPU.Build.0 = Release|Any CPU
		{7CC3CBAF-84AA-4C14-95A8-926C92580F3E}.Release|Mixed Platforms.ActiveCfg = Release|Any CPU
		{7CC3CBAF-84AA-4C14-95A8-926C92580F3E}.Release|Mixed Platforms.Build.0 = Release|Any CPU
		{7CC3CBAF-84AA-4C14-95A8-926C92580F3E}.WaterDev|.NET.ActiveCfg = Release|Any CPU
		{7CC3CBAF-84AA-4C14-95A8-926C92580F3E}.WaterDev|Any CPU.ActiveCfg = Release|Any CPU
		{7CC3CBAF-84AA-4C14-95A8-926C92580F3E}.WaterDev|Any CPU.Build.0 = Release|Any CPU
		{7CC3CBAF-84AA-4C14-95A8-926C92580F3E}.WaterDev|Mixed Platforms.ActiveCfg = Release|Any CPU
		{7CC3CBAF-84AA-4C14-95A8-926C92580F3E}.WaterDev|Mixed Platforms.Build.0 = Release|Any CPU
		{2827D644-4DD6-4206-9203-EF48B586CD38}.Debug|.NET.ActiveCfg = Debug|Any CPU
		{2827D644-4DD6-4206-9203-EF48B586CD38}.Debug|Any CPU.ActiveCfg = Debug|Any CPU
		{2827D644-4DD6-4206-9203-EF48B586CD38}.Debug|Any CPU.Build.0 = Debug|Any CPU
		{2827D644-4DD6-4206-9203-EF48B586CD38}.Debug|Mixed Platforms.ActiveCfg = Debug|Any CPU
		{2827D644-4DD6-4206-9203-EF48B586CD38}.Debug|Mixed Platforms.Build.0 = Debug|Any CPU
		{2827D644-4DD6-4206-9203-EF48B586CD38}.Release|.NET.ActiveCfg = Release|Any CPU
		{2827D644-4DD6-4206-9203-EF48B586CD38}.Release|Any CPU.ActiveCfg = Release|Any CPU
		{2827D644-4DD6-4206-9203-EF48B586CD38}.Release|Any CPU.Build.0 = Release|Any CPU
		{2827D644-4DD6-4206-9203-EF48B586CD38}.Release|Mixed Platforms.ActiveCfg = Release|Any CPU
		{2827D644-4DD6-4206-9203-EF48B586CD38}.Release|Mixed Platforms.Build.0 = Release|Any CPU
		{2827D644-4DD6-4206-9203-EF48B586CD38}.WaterDev|.NET.ActiveCfg = Release|Any CPU
		{2827D644-4DD6-4206-9203-EF48B586CD38}.WaterDev|Any CPU.ActiveCfg = Release|Any CPU
		{2827D644-4DD6-4206-9203-EF48B586CD38}.WaterDev|Any CPU.Build.0 = Release|Any CPU
		{2827D644-4DD6-4206-9203-EF48B586CD38}.WaterDev|Mixed Platforms.ActiveCfg = Release|Any CPU
		{2827D644-4DD6-4206-9203-EF48B586CD38}.WaterDev|Mixed Platforms.Build.0 = Release|Any CPU
		{A1B499C5-1A02-4E66-9DFB-CFBE4A23E7F4}.Debug|.NET.ActiveCfg = Debug|Any CPU
		{A1B499C5-1A02-4E66-9DFB-CFBE4A23E7F4}.Debug|Any CPU.ActiveCfg = Debug|Any CPU
		{A1B499C5-1A02-4E66-9DFB-CFBE4A23E7F4}.Debug|Any CPU.Build.0 = Debug|Any CPU
		{A1B499C5-1A02-4E66-9DFB-CFBE4A23E7F4}.Debug|Mixed Platforms.ActiveCfg = Debug|Any CPU
		{A1B499C5-1A02-4E66-9DFB-CFBE4A23E7F4}.Debug|Mixed Platforms.Build.0 = Debug|Any CPU
		{A1B499C5-1A02-4E66-9DFB-CFBE4A23E7F4}.Release|.NET.ActiveCfg = Release|Any CPU
		{A1B499C5-1A02-4E66-9DFB-CFBE4A23E7F4}.Release|Any CPU.ActiveCfg = Release|Any CPU
		{A1B499C5-1A02-4E66-9DFB-CFBE4A23E7F4}.Release|Any CPU.Build.0 = Release|Any CPU
		{A1B499C5-1A02-4E66-9DFB-CFBE4A23E7F4}.Release|Mixed Platforms.ActiveCfg = Release|Any CPU
		{A1B499C5-1A02-4E66-9DFB-CFBE4A23E7F4}.Release|Mixed Platforms.Build.0 = Release|Any CPU
		{A1B499C5-1A02-4E66-9DFB-CFBE4A23E7F4}.WaterDev|.NET.ActiveCfg = Release|Any CPU
		{A1B499C5-1A02-4E66-9DFB-CFBE4A23E7F4}.WaterDev|Any CPU.ActiveCfg = Release|Any CPU
		{A1B499C5-1A02-4E66-9DFB-CFBE4A23E7F4}.WaterDev|Any CPU.Build.0 = Release|Any CPU
		{A1B499C5-1A02-4E66-9DFB-CFBE4A23E7F4}.WaterDev|Mixed Platforms.ActiveCfg = Release|Any CPU
		{A1B499C5-1A02-4E66-9DFB-CFBE4A23E7F4}.WaterDev|Mixed Platforms.Build.0 = Release|Any CPU
		{9EC0523A-D560-464B-B3E6-F25601BA9F58}.Debug|.NET.ActiveCfg = Debug|Any CPU
		{9EC0523A-D560-464B-B3E6-F25601BA9F58}.Debug|Any CPU.ActiveCfg = Debug|Any CPU
		{9EC0523A-D560-464B-B3E6-F25601BA9F58}.Debug|Any CPU.Build.0 = Debug|Any CPU
		{9EC0523A-D560-464B-B3E6-F25601BA9F58}.Debug|Mixed Platforms.ActiveCfg = Debug|Any CPU
		{9EC0523A-D560-464B-B3E6-F25601BA9F58}.Debug|Mixed Platforms.Build.0 = Debug|Any CPU
		{9EC0523A-D560-464B-B3E6-F25601BA9F58}.Release|.NET.ActiveCfg = Release|Any CPU
		{9EC0523A-D560-464B-B3E6-F25601BA9F58}.Release|Any CPU.ActiveCfg = Release|Any CPU
		{9EC0523A-D560-464B-B3E6-F25601BA9F58}.Release|Any CPU.Build.0 = Release|Any CPU
		{9EC0523A-D560-464B-B3E6-F25601BA9F58}.Release|Mixed Platforms.ActiveCfg = Release|Any CPU
		{9EC0523A-D560-464B-B3E6-F25601BA9F58}.Release|Mixed Platforms.Build.0 = Release|Any CPU
		{9EC0523A-D560-464B-B3E6-F25601BA9F58}.WaterDev|.NET.ActiveCfg = Release|Any CPU
		{9EC0523A-D560-464B-B3E6-F25601BA9F58}.WaterDev|Any CPU.ActiveCfg = Release|Any CPU
		{9EC0523A-D560-464B-B3E6-F25601BA9F58}.WaterDev|Any CPU.Build.0 = Release|Any CPU
		{9EC0523A-D560-464B-B3E6-F25601BA9F58}.WaterDev|Mixed Platforms.ActiveCfg = Release|Any CPU
		{9EC0523A-D560-464B-B3E6-F25601BA9F58}.WaterDev|Mixed Platforms.Build.0 = Release|Any CPU
		{CC971C97-B187-4540-B811-8C194423C8FF}.Debug|.NET.ActiveCfg = Debug|.NET
		{CC971C97-B187-4540-B811-8C194423C8FF}.Debug|.NET.Build.0 = Debug|.NET
		{CC971C97-B187-4540-B811-8C194423C8FF}.Debug|Any CPU.ActiveCfg = Debug|.NET
		{CC971C97-B187-4540-B811-8C194423C8FF}.Debug|Mixed Platforms.ActiveCfg = Debug|.NET
		{CC971C97-B187-4540-B811-8C194423C8FF}.Debug|Mixed Platforms.Build.0 = Debug|.NET
		{CC971C97-B187-4540-B811-8C194423C8FF}.Release|.NET.ActiveCfg = Debug|.NET
		{CC971C97-B187-4540-B811-8C194423C8FF}.Release|.NET.Build.0 = Debug|.NET
		{CC971C97-B187-4540-B811-8C194423C8FF}.Release|Any CPU.ActiveCfg = Debug|.NET
		{CC971C97-B187-4540-B811-8C194423C8FF}.Release|Mixed Platforms.ActiveCfg = Debug|.NET
		{CC971C97-B187-4540-B811-8C194423C8FF}.Release|Mixed Platforms.Build.0 = Debug|.NET
		{CC971C97-B187-4540-B811-8C194423C8FF}.WaterDev|.NET.ActiveCfg = Debug|.NET
		{CC971C97-B187-4540-B811-8C194423C8FF}.WaterDev|.NET.Build.0 = Debug|.NET
		{CC971C97-B187-4540-B811-8C194423C8FF}.WaterDev|Any CPU.ActiveCfg = Debug|.NET
		{CC971C97-B187-4540-B811-8C194423C8FF}.WaterDev|Mixed Platforms.ActiveCfg = Debug|.NET
		{CC971C97-B187-4540-B811-8C194423C8FF}.WaterDev|Mixed Platforms.Build.0 = Debug|.NET
		{D6AFFB90-4B6A-41DD-B04E-354249B959FE}.Debug|.NET.ActiveCfg = Debug|Any CPU
		{D6AFFB90-4B6A-41DD-B04E-354249B959FE}.Debug|Any CPU.ActiveCfg = Debug|Any CPU
		{D6AFFB90-4B6A-41DD-B04E-354249B959FE}.Debug|Any CPU.Build.0 = Debug|Any CPU
		{D6AFFB90-4B6A-41DD-B04E-354249B959FE}.Debug|Mixed Platforms.ActiveCfg = Debug|Any CPU
		{D6AFFB90-4B6A-41DD-B04E-354249B959FE}.Debug|Mixed Platforms.Build.0 = Debug|Any CPU
		{D6AFFB90-4B6A-41DD-B04E-354249B959FE}.Release|.NET.ActiveCfg = Release|Any CPU
		{D6AFFB90-4B6A-41DD-B04E-354249B959FE}.Release|Any CPU.ActiveCfg = Release|Any CPU
		{D6AFFB90-4B6A-41DD-B04E-354249B959FE}.Release|Any CPU.Build.0 = Release|Any CPU
		{D6AFFB90-4B6A-41DD-B04E-354249B959FE}.Release|Mixed Platforms.ActiveCfg = Release|Any CPU
		{D6AFFB90-4B6A-41DD-B04E-354249B959FE}.Release|Mixed Platforms.Build.0 = Release|Any CPU
		{D6AFFB90-4B6A-41DD-B04E-354249B959FE}.WaterDev|.NET.ActiveCfg = Release|Any CPU
		{D6AFFB90-4B6A-41DD-B04E-354249B959FE}.WaterDev|Any CPU.ActiveCfg = Release|Any CPU
		{D6AFFB90-4B6A-41DD-B04E-354249B959FE}.WaterDev|Any CPU.Build.0 = Release|Any CPU
		{D6AFFB90-4B6A-41DD-B04E-354249B959FE}.WaterDev|Mixed Platforms.ActiveCfg = Release|Any CPU
		{D6AFFB90-4B6A-41DD-B04E-354249B959FE}.WaterDev|Mixed Platforms.Build.0 = Release|Any CPU
	EndGlobalSection
	GlobalSection(SolutionProperties) = preSolution
		HideSolutionNode = FALSE
	EndGlobalSection
	GlobalSection(TextTemplating) = postSolution
		TextTemplating = 1
	EndGlobalSection
EndGlobal
