Microsoft Visual Studio Solution File, Format Version 12.00
# Visual Studio 2013
VisualStudioVersion = 12.0.31101.0
MinimumVisualStudioVersion = 10.0.40219.1
Project("{2150E333-8FDC-42A3-9474-1A3956D46DE8}") = "Solution Items", "Solution Items", "{7DE79E8B-4C0C-4E5E-82D4-324C252E4436}"
	ProjectSection(SolutionItems) = preProject
		ApplicationDiagram1.ad = ApplicationDiagram1.ad
		BasicWebService.vsmdi = BasicWebService.vsmdi
		localtestrun.testrunconfig = localtestrun.testrunconfig
	EndProjectSection
	ProjectSection(FolderStartupServices) = postProject
		{B4F97281-0DBD-4835-9ED8-7DFB966E87FF} = {B4F97281-0DBD-4835-9ED8-7DFB966E87FF}
	EndProjectSection
EndProject
Project("{FAE04EC0-301F-11D3-BF4B-00C04F79EFBC}") = "WOFService", "..\WOFService\WOFService.csproj", "{A1B499C5-1A02-4E66-9DFB-CFBE4A23E7F4}"
EndProject
Project("{FAE04EC0-301F-11D3-BF4B-00C04F79EFBC}") = "NwisWOFService", "NwisWOFService\NwisWOFService.csproj", "{31336043-44C9-43BD-B08B-A55E3F877DDA}"
EndProject
Project("{FAE04EC0-301F-11D3-BF4B-00C04F79EFBC}") = "NwisWOFTest", "NwisWOFTest\NwisWOFTest.csproj", "{3E8FEE97-5272-4FA6-B375-F45047746C3C}"
EndProject
Project("{2CFEAB61-6A3B-4EB8-B523-560B4BEEF521}") = "WaterWebService_deploy", "WaterWebService_deploy\WaterWebService_deploy.wdproj", "{757760A0-BEDB-4B9A-A403-7C28BBF34399}"
EndProject
Project("{FAE04EC0-301F-11D3-BF4B-00C04F79EFBC}") = "NwisDVTester", "NwisDVTester\NwisDVTester.csproj", "{8803862C-7400-4A1A-BE87-441982480ECC}"
EndProject
Project("{FAE04EC0-301F-11D3-BF4B-00C04F79EFBC}") = "waterOneFlowImpl", "..\waterOneFlowImpl\waterOneFlowImpl.csproj", "{533D0719-6D5F-4F02-BD8C-B3D829E9DEB2}"
EndProject
Project("{FAE04EC0-301F-11D3-BF4B-00C04F79EFBC}") = "ODM1_0_Datasets", "..\ODM1_0_Datasets\ODM1_0_Datasets.csproj", "{7CC3CBAF-84AA-4C14-95A8-926C92580F3E}"
EndProject
Project("{FAE04EC0-301F-11D3-BF4B-00C04F79EFBC}") = "ODM1_1_Datasets", "..\ODM1_1_Datasets\ODM1_1_Datasets.csproj", "{5EEAEAA9-A624-4C68-A6B9-250AF448DE4B}"
EndProject
Project("{FAE04EC0-301F-11D3-BF4B-00C04F79EFBC}") = "WofCapabilities", "..\WofCapabilities\WofCapabilities.csproj", "{AC9A8B88-23F1-4972-B757-0CA82B3B00EB}"
EndProject
Project("{FAE04EC0-301F-11D3-BF4B-00C04F79EFBC}") = "WofSchemas", "..\WofSchemas\WofSchemas.csproj", "{2827D644-4DD6-4206-9203-EF48B586CD38}"
EndProject
Project("{FAE04EC0-301F-11D3-BF4B-00C04F79EFBC}") = "WOFutilities", "..\WOFutilities\WOFutilities.csproj", "{F5784002-25A7-4217-91C3-09EF0BE623C3}"
EndProject
Project("{FAE04EC0-301F-11D3-BF4B-00C04F79EFBC}") = "WofSchemaTest", "WofSchemaTest\WofSchemaTest.csproj", "{7BA57996-BEC2-4BDC-8634-7BFE169BFF8E}"
EndProject
Project("{FAE04EC0-301F-11D3-BF4B-00C04F79EFBC}") = "WofSchemaCommandLine", "..\WofSchemaCommandLine\WofSchemaCommandLine.csproj", "{914082CC-E6BF-4031-8B99-18C4C0156BBE}"
EndProject
Project("{FAE04EC0-301F-11D3-BF4B-00C04F79EFBC}") = "WaterWebService2", "WaterWebService2\WaterWebService2.csproj", "{859E3A12-2B49-45D4-88A8-8F19F48A7437}"
EndProject
Project("{2150E333-8FDC-42A3-9474-1A3956D46DE8}") = ".nuget", ".nuget", "{879E1A84-F064-4C47-AD76-B503AA123DC5}"
	ProjectSection(SolutionItems) = preProject
		.nuget\NuGet.Config = .nuget\NuGet.Config
		.nuget\NuGet.exe = .nuget\NuGet.exe
	EndProjectSection
EndProject
Global
	GlobalSection(SolutionConfigurationPlatforms) = preSolution
		Debug|.NET = Debug|.NET
		Debug|Any CPU = Debug|Any CPU
		Debug|Mixed Platforms = Debug|Mixed Platforms
		Release|.NET = Release|.NET
		Release|Any CPU = Release|Any CPU
		Release|Mixed Platforms = Release|Mixed Platforms
		WaterDev|.NET = WaterDev|.NET
		WaterDev|Any CPU = WaterDev|Any CPU
		WaterDev|Mixed Platforms = WaterDev|Mixed Platforms
	EndGlobalSection
	GlobalSection(ProjectConfigurationPlatforms) = postSolution
		{A1B499C5-1A02-4E66-9DFB-CFBE4A23E7F4}.Debug|.NET.ActiveCfg = Debug|Any CPU
		{A1B499C5-1A02-4E66-9DFB-CFBE4A23E7F4}.Debug|Any CPU.ActiveCfg = Debug|Any CPU
		{A1B499C5-1A02-4E66-9DFB-CFBE4A23E7F4}.Debug|Any CPU.Build.0 = Debug|Any CPU
		{A1B499C5-1A02-4E66-9DFB-CFBE4A23E7F4}.Debug|Mixed Platforms.ActiveCfg = Debug|Any CPU
		{A1B499C5-1A02-4E66-9DFB-CFBE4A23E7F4}.Debug|Mixed Platforms.Build.0 = Debug|Any CPU
		{A1B499C5-1A02-4E66-9DFB-CFBE4A23E7F4}.Release|.NET.ActiveCfg = Release|Any CPU
		{A1B499C5-1A02-4E66-9DFB-CFBE4A23E7F4}.Release|Any CPU.ActiveCfg = Release|Any CPU
		{A1B499C5-1A02-4E66-9DFB-CFBE4A23E7F4}.Release|Any CPU.Build.0 = Release|Any CPU
		{A1B499C5-1A02-4E66-9DFB-CFBE4A23E7F4}.Release|Mixed Platforms.ActiveCfg = Release|Any CPU
		{A1B499C5-1A02-4E66-9DFB-CFBE4A23E7F4}.Release|Mixed Platforms.Build.0 = Release|Any CPU
		{A1B499C5-1A02-4E66-9DFB-CFBE4A23E7F4}.WaterDev|.NET.ActiveCfg = Release|Any CPU
		{A1B499C5-1A02-4E66-9DFB-CFBE4A23E7F4}.WaterDev|Any CPU.ActiveCfg = Release|Any CPU
		{A1B499C5-1A02-4E66-9DFB-CFBE4A23E7F4}.WaterDev|Any CPU.Build.0 = Release|Any CPU
		{A1B499C5-1A02-4E66-9DFB-CFBE4A23E7F4}.WaterDev|Mixed Platforms.ActiveCfg = Release|Any CPU
		{A1B499C5-1A02-4E66-9DFB-CFBE4A23E7F4}.WaterDev|Mixed Platforms.Build.0 = Release|Any CPU
		{31336043-44C9-43BD-B08B-A55E3F877DDA}.Debug|.NET.ActiveCfg = Debug|Any CPU
		{31336043-44C9-43BD-B08B-A55E3F877DDA}.Debug|Any CPU.ActiveCfg = Debug|Any CPU
		{31336043-44C9-43BD-B08B-A55E3F877DDA}.Debug|Any CPU.Build.0 = Debug|Any CPU
		{31336043-44C9-43BD-B08B-A55E3F877DDA}.Debug|Mixed Platforms.ActiveCfg = Debug|Any CPU
		{31336043-44C9-43BD-B08B-A55E3F877DDA}.Debug|Mixed Platforms.Build.0 = Debug|Any CPU
		{31336043-44C9-43BD-B08B-A55E3F877DDA}.Release|.NET.ActiveCfg = Release|Any CPU
		{31336043-44C9-43BD-B08B-A55E3F877DDA}.Release|Any CPU.ActiveCfg = Release|Any CPU
		{31336043-44C9-43BD-B08B-A55E3F877DDA}.Release|Any CPU.Build.0 = Release|Any CPU
		{31336043-44C9-43BD-B08B-A55E3F877DDA}.Release|Mixed Platforms.ActiveCfg = Release|Any CPU
		{31336043-44C9-43BD-B08B-A55E3F877DDA}.Release|Mixed Platforms.Build.0 = Release|Any CPU
		{31336043-44C9-43BD-B08B-A55E3F877DDA}.WaterDev|.NET.ActiveCfg = Release|Any CPU
		{31336043-44C9-43BD-B08B-A55E3F877DDA}.WaterDev|Any CPU.ActiveCfg = Release|Any CPU
		{31336043-44C9-43BD-B08B-A55E3F877DDA}.WaterDev|Any CPU.Build.0 = Release|Any CPU
		{31336043-44C9-43BD-B08B-A55E3F877DDA}.WaterDev|Mixed Platforms.ActiveCfg = Release|Any CPU
		{31336043-44C9-43BD-B08B-A55E3F877DDA}.WaterDev|Mixed Platforms.Build.0 = Release|Any CPU
		{3E8FEE97-5272-4FA6-B375-F45047746C3C}.Debug|.NET.ActiveCfg = Debug|Any CPU
		{3E8FEE97-5272-4FA6-B375-F45047746C3C}.Debug|Any CPU.ActiveCfg = Debug|Any CPU
		{3E8FEE97-5272-4FA6-B375-F45047746C3C}.Debug|Mixed Platforms.ActiveCfg = Debug|Any CPU
		{3E8FEE97-5272-4FA6-B375-F45047746C3C}.Debug|Mixed Platforms.Build.0 = Debug|Any CPU
		{3E8FEE97-5272-4FA6-B375-F45047746C3C}.Release|.NET.ActiveCfg = Release|Any CPU
		{3E8FEE97-5272-4FA6-B375-F45047746C3C}.Release|Any CPU.ActiveCfg = Release|Any CPU
		{3E8FEE97-5272-4FA6-B375-F45047746C3C}.Release|Any CPU.Build.0 = Release|Any CPU
		{3E8FEE97-5272-4FA6-B375-F45047746C3C}.Release|Mixed Platforms.ActiveCfg = Release|Any CPU
		{3E8FEE97-5272-4FA6-B375-F45047746C3C}.Release|Mixed Platforms.Build.0 = Release|Any CPU
		{3E8FEE97-5272-4FA6-B375-F45047746C3C}.WaterDev|.NET.ActiveCfg = Release|Any CPU
		{3E8FEE97-5272-4FA6-B375-F45047746C3C}.WaterDev|Any CPU.ActiveCfg = Release|Any CPU
		{3E8FEE97-5272-4FA6-B375-F45047746C3C}.WaterDev|Any CPU.Build.0 = Release|Any CPU
		{3E8FEE97-5272-4FA6-B375-F45047746C3C}.WaterDev|Mixed Platforms.ActiveCfg = Release|Any CPU
		{3E8FEE97-5272-4FA6-B375-F45047746C3C}.WaterDev|Mixed Platforms.Build.0 = Release|Any CPU
		{757760A0-BEDB-4B9A-A403-7C28BBF34399}.Debug|.NET.ActiveCfg = Debug|Any CPU
		{757760A0-BEDB-4B9A-A403-7C28BBF34399}.Debug|Any CPU.ActiveCfg = Debug|Any CPU
		{757760A0-BEDB-4B9A-A403-7C28BBF34399}.Debug|Mixed Platforms.ActiveCfg = Debug|Any CPU
		{757760A0-BEDB-4B9A-A403-7C28BBF34399}.Debug|Mixed Platforms.Build.0 = Debug|Any CPU
		{757760A0-BEDB-4B9A-A403-7C28BBF34399}.Release|.NET.ActiveCfg = Release|Any CPU
		{757760A0-BEDB-4B9A-A403-7C28BBF34399}.Release|Any CPU.ActiveCfg = Release|Any CPU
		{757760A0-BEDB-4B9A-A403-7C28BBF34399}.Release|Any CPU.Build.0 = Release|Any CPU
		{757760A0-BEDB-4B9A-A403-7C28BBF34399}.Release|Mixed Platforms.ActiveCfg = Release|Any CPU
		{757760A0-BEDB-4B9A-A403-7C28BBF34399}.Release|Mixed Platforms.Build.0 = Release|Any CPU
		{757760A0-BEDB-4B9A-A403-7C28BBF34399}.WaterDev|.NET.ActiveCfg = Release|Any CPU
		{757760A0-BEDB-4B9A-A403-7C28BBF34399}.WaterDev|Any CPU.ActiveCfg = Debug|Any CPU
		{757760A0-BEDB-4B9A-A403-7C28BBF34399}.WaterDev|Any CPU.Build.0 = Debug|Any CPU
		{757760A0-BEDB-4B9A-A403-7C28BBF34399}.WaterDev|Mixed Platforms.ActiveCfg = Release|Any CPU
		{757760A0-BEDB-4B9A-A403-7C28BBF34399}.WaterDev|Mixed Platforms.Build.0 = Release|Any CPU
		{8803862C-7400-4A1A-BE87-441982480ECC}.Debug|.NET.ActiveCfg = Debug|Any CPU
		{8803862C-7400-4A1A-BE87-441982480ECC}.Debug|Any CPU.ActiveCfg = Debug|Any CPU
		{8803862C-7400-4A1A-BE87-441982480ECC}.Debug|Mixed Platforms.ActiveCfg = Debug|Any CPU
		{8803862C-7400-4A1A-BE87-441982480ECC}.Debug|Mixed Platforms.Build.0 = Debug|Any CPU
		{8803862C-7400-4A1A-BE87-441982480ECC}.Release|.NET.ActiveCfg = Release|Any CPU
		{8803862C-7400-4A1A-BE87-441982480ECC}.Release|Any CPU.ActiveCfg = Release|Any CPU
		{8803862C-7400-4A1A-BE87-441982480ECC}.Release|Any CPU.Build.0 = Release|Any CPU
		{8803862C-7400-4A1A-BE87-441982480ECC}.Release|Mixed Platforms.ActiveCfg = Release|Any CPU
		{8803862C-7400-4A1A-BE87-441982480ECC}.Release|Mixed Platforms.Build.0 = Release|Any CPU
		{8803862C-7400-4A1A-BE87-441982480ECC}.WaterDev|.NET.ActiveCfg = Release|Any CPU
		{8803862C-7400-4A1A-BE87-441982480ECC}.WaterDev|Any CPU.ActiveCfg = Release|Any CPU
		{8803862C-7400-4A1A-BE87-441982480ECC}.WaterDev|Any CPU.Build.0 = Release|Any CPU
		{8803862C-7400-4A1A-BE87-441982480ECC}.WaterDev|Mixed Platforms.ActiveCfg = Release|Any CPU
		{8803862C-7400-4A1A-BE87-441982480ECC}.WaterDev|Mixed Platforms.Build.0 = Release|Any CPU
		{533D0719-6D5F-4F02-BD8C-B3D829E9DEB2}.Debug|.NET.ActiveCfg = Debug|Any CPU
		{533D0719-6D5F-4F02-BD8C-B3D829E9DEB2}.Debug|Any CPU.ActiveCfg = Debug|Any CPU
		{533D0719-6D5F-4F02-BD8C-B3D829E9DEB2}.Debug|Any CPU.Build.0 = Debug|Any CPU
		{533D0719-6D5F-4F02-BD8C-B3D829E9DEB2}.Debug|Mixed Platforms.ActiveCfg = Debug|Any CPU
		{533D0719-6D5F-4F02-BD8C-B3D829E9DEB2}.Debug|Mixed Platforms.Build.0 = Debug|Any CPU
		{533D0719-6D5F-4F02-BD8C-B3D829E9DEB2}.Release|.NET.ActiveCfg = Release|Any CPU
		{533D0719-6D5F-4F02-BD8C-B3D829E9DEB2}.Release|Any CPU.ActiveCfg = Release|Any CPU
		{533D0719-6D5F-4F02-BD8C-B3D829E9DEB2}.Release|Any CPU.Build.0 = Release|Any CPU
		{533D0719-6D5F-4F02-BD8C-B3D829E9DEB2}.Release|Mixed Platforms.ActiveCfg = Release|Any CPU
		{533D0719-6D5F-4F02-BD8C-B3D829E9DEB2}.Release|Mixed Platforms.Build.0 = Release|Any CPU
		{533D0719-6D5F-4F02-BD8C-B3D829E9DEB2}.WaterDev|.NET.ActiveCfg = WaterDev|Any CPU
		{533D0719-6D5F-4F02-BD8C-B3D829E9DEB2}.WaterDev|Any CPU.ActiveCfg = WaterDev|Any CPU
		{533D0719-6D5F-4F02-BD8C-B3D829E9DEB2}.WaterDev|Any CPU.Build.0 = WaterDev|Any CPU
		{533D0719-6D5F-4F02-BD8C-B3D829E9DEB2}.WaterDev|Mixed Platforms.ActiveCfg = WaterDev|Any CPU
		{533D0719-6D5F-4F02-BD8C-B3D829E9DEB2}.WaterDev|Mixed Platforms.Build.0 = WaterDev|Any CPU
		{7CC3CBAF-84AA-4C14-95A8-926C92580F3E}.Debug|.NET.ActiveCfg = Debug|Any CPU
		{7CC3CBAF-84AA-4C14-95A8-926C92580F3E}.Debug|Any CPU.ActiveCfg = Debug|Any CPU
		{7CC3CBAF-84AA-4C14-95A8-926C92580F3E}.Debug|Any CPU.Build.0 = Debug|Any CPU
		{7CC3CBAF-84AA-4C14-95A8-926C92580F3E}.Debug|Mixed Platforms.ActiveCfg = Debug|Any CPU
		{7CC3CBAF-84AA-4C14-95A8-926C92580F3E}.Debug|Mixed Platforms.Build.0 = Debug|Any CPU
		{7CC3CBAF-84AA-4C14-95A8-926C92580F3E}.Release|.NET.ActiveCfg = Release|Any CPU
		{7CC3CBAF-84AA-4C14-95A8-926C92580F3E}.Release|Any CPU.ActiveCfg = Release|Any CPU
		{7CC3CBAF-84AA-4C14-95A8-926C92580F3E}.Release|Any CPU.Build.0 = Release|Any CPU
		{7CC3CBAF-84AA-4C14-95A8-926C92580F3E}.Release|Mixed Platforms.ActiveCfg = Release|Any CPU
		{7CC3CBAF-84AA-4C14-95A8-926C92580F3E}.Release|Mixed Platforms.Build.0 = Release|Any CPU
		{7CC3CBAF-84AA-4C14-95A8-926C92580F3E}.WaterDev|.NET.ActiveCfg = Release|Any CPU
		{7CC3CBAF-84AA-4C14-95A8-926C92580F3E}.WaterDev|Any CPU.ActiveCfg = Release|Any CPU
		{7CC3CBAF-84AA-4C14-95A8-926C92580F3E}.WaterDev|Any CPU.Build.0 = Release|Any CPU
		{7CC3CBAF-84AA-4C14-95A8-926C92580F3E}.WaterDev|Mixed Platforms.ActiveCfg = Release|Any CPU
		{7CC3CBAF-84AA-4C14-95A8-926C92580F3E}.WaterDev|Mixed Platforms.Build.0 = Release|Any CPU
		{5EEAEAA9-A624-4C68-A6B9-250AF448DE4B}.Debug|.NET.ActiveCfg = Debug|Any CPU
		{5EEAEAA9-A624-4C68-A6B9-250AF448DE4B}.Debug|Any CPU.ActiveCfg = Debug|Any CPU
		{5EEAEAA9-A624-4C68-A6B9-250AF448DE4B}.Debug|Any CPU.Build.0 = Debug|Any CPU
		{5EEAEAA9-A624-4C68-A6B9-250AF448DE4B}.Debug|Mixed Platforms.ActiveCfg = Debug|Any CPU
		{5EEAEAA9-A624-4C68-A6B9-250AF448DE4B}.Debug|Mixed Platforms.Build.0 = Debug|Any CPU
		{5EEAEAA9-A624-4C68-A6B9-250AF448DE4B}.Release|.NET.ActiveCfg = Release|Any CPU
		{5EEAEAA9-A624-4C68-A6B9-250AF448DE4B}.Release|Any CPU.ActiveCfg = Release|Any CPU
		{5EEAEAA9-A624-4C68-A6B9-250AF448DE4B}.Release|Any CPU.Build.0 = Release|Any CPU
		{5EEAEAA9-A624-4C68-A6B9-250AF448DE4B}.Release|Mixed Platforms.ActiveCfg = Release|Any CPU
		{5EEAEAA9-A624-4C68-A6B9-250AF448DE4B}.Release|Mixed Platforms.Build.0 = Release|Any CPU
		{5EEAEAA9-A624-4C68-A6B9-250AF448DE4B}.WaterDev|.NET.ActiveCfg = Release|Any CPU
		{5EEAEAA9-A624-4C68-A6B9-250AF448DE4B}.WaterDev|Any CPU.ActiveCfg = Release|Any CPU
		{5EEAEAA9-A624-4C68-A6B9-250AF448DE4B}.WaterDev|Any CPU.Build.0 = Release|Any CPU
		{5EEAEAA9-A624-4C68-A6B9-250AF448DE4B}.WaterDev|Mixed Platforms.ActiveCfg = Release|Any CPU
		{5EEAEAA9-A624-4C68-A6B9-250AF448DE4B}.WaterDev|Mixed Platforms.Build.0 = Release|Any CPU
		{AC9A8B88-23F1-4972-B757-0CA82B3B00EB}.Debug|.NET.ActiveCfg = Debug|Any CPU
		{AC9A8B88-23F1-4972-B757-0CA82B3B00EB}.Debug|Any CPU.ActiveCfg = Debug|Any CPU
		{AC9A8B88-23F1-4972-B757-0CA82B3B00EB}.Debug|Any CPU.Build.0 = Debug|Any CPU
		{AC9A8B88-23F1-4972-B757-0CA82B3B00EB}.Debug|Mixed Platforms.ActiveCfg = Debug|Any CPU
		{AC9A8B88-23F1-4972-B757-0CA82B3B00EB}.Debug|Mixed Platforms.Build.0 = Debug|Any CPU
		{AC9A8B88-23F1-4972-B757-0CA82B3B00EB}.Release|.NET.ActiveCfg = Release|Any CPU
		{AC9A8B88-23F1-4972-B757-0CA82B3B00EB}.Release|Any CPU.ActiveCfg = Release|Any CPU
		{AC9A8B88-23F1-4972-B757-0CA82B3B00EB}.Release|Any CPU.Build.0 = Release|Any CPU
		{AC9A8B88-23F1-4972-B757-0CA82B3B00EB}.Release|Mixed Platforms.ActiveCfg = Release|Any CPU
		{AC9A8B88-23F1-4972-B757-0CA82B3B00EB}.Release|Mixed Platforms.Build.0 = Release|Any CPU
		{AC9A8B88-23F1-4972-B757-0CA82B3B00EB}.WaterDev|.NET.ActiveCfg = Release|Any CPU
		{AC9A8B88-23F1-4972-B757-0CA82B3B00EB}.WaterDev|Any CPU.ActiveCfg = Release|Any CPU
		{AC9A8B88-23F1-4972-B757-0CA82B3B00EB}.WaterDev|Any CPU.Build.0 = Release|Any CPU
		{AC9A8B88-23F1-4972-B757-0CA82B3B00EB}.WaterDev|Mixed Platforms.ActiveCfg = Release|Any CPU
		{AC9A8B88-23F1-4972-B757-0CA82B3B00EB}.WaterDev|Mixed Platforms.Build.0 = Release|Any CPU
		{2827D644-4DD6-4206-9203-EF48B586CD38}.Debug|.NET.ActiveCfg = Debug|Any CPU
		{2827D644-4DD6-4206-9203-EF48B586CD38}.Debug|Any CPU.ActiveCfg = Debug|Any CPU
		{2827D644-4DD6-4206-9203-EF48B586CD38}.Debug|Any CPU.Build.0 = Debug|Any CPU
		{2827D644-4DD6-4206-9203-EF48B586CD38}.Debug|Mixed Platforms.ActiveCfg = Debug|Any CPU
		{2827D644-4DD6-4206-9203-EF48B586CD38}.Debug|Mixed Platforms.Build.0 = Debug|Any CPU
		{2827D644-4DD6-4206-9203-EF48B586CD38}.Release|.NET.ActiveCfg = Release|Any CPU
		{2827D644-4DD6-4206-9203-EF48B586CD38}.Release|Any CPU.ActiveCfg = Release|Any CPU
		{2827D644-4DD6-4206-9203-EF48B586CD38}.Release|Any CPU.Build.0 = Release|Any CPU
		{2827D644-4DD6-4206-9203-EF48B586CD38}.Release|Mixed Platforms.ActiveCfg = Release|Any CPU
		{2827D644-4DD6-4206-9203-EF48B586CD38}.Release|Mixed Platforms.Build.0 = Release|Any CPU
		{2827D644-4DD6-4206-9203-EF48B586CD38}.WaterDev|.NET.ActiveCfg = Release|Any CPU
		{2827D644-4DD6-4206-9203-EF48B586CD38}.WaterDev|Any CPU.ActiveCfg = Release|Any CPU
		{2827D644-4DD6-4206-9203-EF48B586CD38}.WaterDev|Any CPU.Build.0 = Release|Any CPU
		{2827D644-4DD6-4206-9203-EF48B586CD38}.WaterDev|Mixed Platforms.ActiveCfg = Release|Any CPU
		{2827D644-4DD6-4206-9203-EF48B586CD38}.WaterDev|Mixed Platforms.Build.0 = Release|Any CPU
		{F5784002-25A7-4217-91C3-09EF0BE623C3}.Debug|.NET.ActiveCfg = Debug|Any CPU
		{F5784002-25A7-4217-91C3-09EF0BE623C3}.Debug|Any CPU.ActiveCfg = Debug|Any CPU
		{F5784002-25A7-4217-91C3-09EF0BE623C3}.Debug|Any CPU.Build.0 = Debug|Any CPU
		{F5784002-25A7-4217-91C3-09EF0BE623C3}.Debug|Mixed Platforms.ActiveCfg = Debug|Any CPU
		{F5784002-25A7-4217-91C3-09EF0BE623C3}.Debug|Mixed Platforms.Build.0 = Debug|Any CPU
		{F5784002-25A7-4217-91C3-09EF0BE623C3}.Release|.NET.ActiveCfg = Release|Any CPU
		{F5784002-25A7-4217-91C3-09EF0BE623C3}.Release|Any CPU.ActiveCfg = Release|Any CPU
		{F5784002-25A7-4217-91C3-09EF0BE623C3}.Release|Any CPU.Build.0 = Release|Any CPU
		{F5784002-25A7-4217-91C3-09EF0BE623C3}.Release|Mixed Platforms.ActiveCfg = Release|Any CPU
		{F5784002-25A7-4217-91C3-09EF0BE623C3}.Release|Mixed Platforms.Build.0 = Release|Any CPU
		{F5784002-25A7-4217-91C3-09EF0BE623C3}.WaterDev|.NET.ActiveCfg = Release|Any CPU
		{F5784002-25A7-4217-91C3-09EF0BE623C3}.WaterDev|Any CPU.ActiveCfg = Release|Any CPU
		{F5784002-25A7-4217-91C3-09EF0BE623C3}.WaterDev|Any CPU.Build.0 = Release|Any CPU
		{F5784002-25A7-4217-91C3-09EF0BE623C3}.WaterDev|Mixed Platforms.ActiveCfg = Release|Any CPU
		{F5784002-25A7-4217-91C3-09EF0BE623C3}.WaterDev|Mixed Platforms.Build.0 = Release|Any CPU
		{7BA57996-BEC2-4BDC-8634-7BFE169BFF8E}.Debug|.NET.ActiveCfg = Debug|Any CPU
		{7BA57996-BEC2-4BDC-8634-7BFE169BFF8E}.Debug|Any CPU.ActiveCfg = Debug|Any CPU
		{7BA57996-BEC2-4BDC-8634-7BFE169BFF8E}.Debug|Any CPU.Build.0 = Debug|Any CPU
		{7BA57996-BEC2-4BDC-8634-7BFE169BFF8E}.Debug|Mixed Platforms.ActiveCfg = Debug|Any CPU
		{7BA57996-BEC2-4BDC-8634-7BFE169BFF8E}.Debug|Mixed Platforms.Build.0 = Debug|Any CPU
		{7BA57996-BEC2-4BDC-8634-7BFE169BFF8E}.Release|.NET.ActiveCfg = Release|Any CPU
		{7BA57996-BEC2-4BDC-8634-7BFE169BFF8E}.Release|Any CPU.ActiveCfg = Release|Any CPU
		{7BA57996-BEC2-4BDC-8634-7BFE169BFF8E}.Release|Any CPU.Build.0 = Release|Any CPU
		{7BA57996-BEC2-4BDC-8634-7BFE169BFF8E}.Release|Mixed Platforms.ActiveCfg = Release|Any CPU
		{7BA57996-BEC2-4BDC-8634-7BFE169BFF8E}.Release|Mixed Platforms.Build.0 = Release|Any CPU
		{7BA57996-BEC2-4BDC-8634-7BFE169BFF8E}.WaterDev|.NET.ActiveCfg = Release|Any CPU
		{7BA57996-BEC2-4BDC-8634-7BFE169BFF8E}.WaterDev|Any CPU.ActiveCfg = Release|Any CPU
		{7BA57996-BEC2-4BDC-8634-7BFE169BFF8E}.WaterDev|Any CPU.Build.0 = Release|Any CPU
		{7BA57996-BEC2-4BDC-8634-7BFE169BFF8E}.WaterDev|Mixed Platforms.ActiveCfg = Release|Any CPU
		{7BA57996-BEC2-4BDC-8634-7BFE169BFF8E}.WaterDev|Mixed Platforms.Build.0 = Release|Any CPU
		{914082CC-E6BF-4031-8B99-18C4C0156BBE}.Debug|.NET.ActiveCfg = Debug|Any CPU
		{914082CC-E6BF-4031-8B99-18C4C0156BBE}.Debug|Any CPU.ActiveCfg = Debug|Any CPU
		{914082CC-E6BF-4031-8B99-18C4C0156BBE}.Debug|Any CPU.Build.0 = Debug|Any CPU
		{914082CC-E6BF-4031-8B99-18C4C0156BBE}.Debug|Mixed Platforms.ActiveCfg = Debug|Any CPU
		{914082CC-E6BF-4031-8B99-18C4C0156BBE}.Debug|Mixed Platforms.Build.0 = Debug|Any CPU
		{914082CC-E6BF-4031-8B99-18C4C0156BBE}.Release|.NET.ActiveCfg = Release|Any CPU
		{914082CC-E6BF-4031-8B99-18C4C0156BBE}.Release|Any CPU.ActiveCfg = Release|Any CPU
		{914082CC-E6BF-4031-8B99-18C4C0156BBE}.Release|Any CPU.Build.0 = Release|Any CPU
		{914082CC-E6BF-4031-8B99-18C4C0156BBE}.Release|Mixed Platforms.ActiveCfg = Release|Any CPU
		{914082CC-E6BF-4031-8B99-18C4C0156BBE}.Release|Mixed Platforms.Build.0 = Release|Any CPU
		{914082CC-E6BF-4031-8B99-18C4C0156BBE}.WaterDev|.NET.ActiveCfg = Release|Any CPU
		{914082CC-E6BF-4031-8B99-18C4C0156BBE}.WaterDev|Any CPU.ActiveCfg = Release|Any CPU
		{914082CC-E6BF-4031-8B99-18C4C0156BBE}.WaterDev|Any CPU.Build.0 = Release|Any CPU
		{914082CC-E6BF-4031-8B99-18C4C0156BBE}.WaterDev|Mixed Platforms.ActiveCfg = Release|Any CPU
		{914082CC-E6BF-4031-8B99-18C4C0156BBE}.WaterDev|Mixed Platforms.Build.0 = Release|Any CPU
		{859E3A12-2B49-45D4-88A8-8F19F48A7437}.Debug|.NET.ActiveCfg = Debug|Any CPU
		{859E3A12-2B49-45D4-88A8-8F19F48A7437}.Debug|Any CPU.ActiveCfg = Debug|Any CPU
		{859E3A12-2B49-45D4-88A8-8F19F48A7437}.Debug|Any CPU.Build.0 = Debug|Any CPU
		{859E3A12-2B49-45D4-88A8-8F19F48A7437}.Debug|Mixed Platforms.ActiveCfg = Debug|Any CPU
		{859E3A12-2B49-45D4-88A8-8F19F48A7437}.Debug|Mixed Platforms.Build.0 = Debug|Any CPU
		{859E3A12-2B49-45D4-88A8-8F19F48A7437}.Release|.NET.ActiveCfg = Release|Any CPU
		{859E3A12-2B49-45D4-88A8-8F19F48A7437}.Release|Any CPU.ActiveCfg = Release|Any CPU
		{859E3A12-2B49-45D4-88A8-8F19F48A7437}.Release|Any CPU.Build.0 = Release|Any CPU
		{859E3A12-2B49-45D4-88A8-8F19F48A7437}.Release|Mixed Platforms.ActiveCfg = Release|Any CPU
		{859E3A12-2B49-45D4-88A8-8F19F48A7437}.Release|Mixed Platforms.Build.0 = Release|Any CPU
		{859E3A12-2B49-45D4-88A8-8F19F48A7437}.WaterDev|.NET.ActiveCfg = Release|Any CPU
		{859E3A12-2B49-45D4-88A8-8F19F48A7437}.WaterDev|Any CPU.ActiveCfg = Debug|Any CPU
		{859E3A12-2B49-45D4-88A8-8F19F48A7437}.WaterDev|Any CPU.Build.0 = Debug|Any CPU
		{859E3A12-2B49-45D4-88A8-8F19F48A7437}.WaterDev|Mixed Platforms.ActiveCfg = Release|Any CPU
		{859E3A12-2B49-45D4-88A8-8F19F48A7437}.WaterDev|Mixed Platforms.Build.0 = Release|Any CPU
	EndGlobalSection
	GlobalSection(SolutionProperties) = preSolution
		HideSolutionNode = FALSE
	EndGlobalSection
	GlobalSection(TestCaseManagementSettings) = postSolution
		CategoryFile = BasicWebService.vsmdi
	EndGlobalSection
	GlobalSection(TextTemplating) = postSolution
		TextTemplating = 1
	EndGlobalSection
EndGlobal
