
Microsoft Visual Studio Solution File, Format Version 9.00
# Visual Studio 2005
Project("{FAE04EC0-301F-11D3-BF4B-00C04F79EFBC}") = "EPAWOFService", ".\EPAWOFService\EPAWOFService.csproj", "{31336043-44C9-43BD-B08B-A55E3F877DDA}"
	ProjectSection(WebsiteProperties) = preProject
		Debug.AspNetCompiler.Debug = "True"
		Release.AspNetCompiler.Debug = "False"
	EndProjectSection
EndProject
Project("{FAE04EC0-301F-11D3-BF4B-00C04F79EFBC}") = "EPAWQXConsole", ".\EPAWQXConsole\EPAWQXConsole.csproj", "{699590CD-B464-49A3-959F-F7470A82B14A}"
	ProjectSection(WebsiteProperties) = preProject
		Debug.AspNetCompiler.Debug = "True"
		Release.AspNetCompiler.Debug = "False"
	EndProjectSection
EndProject
Global
	GlobalSection(TextTemplating) = postSolution
		TextTemplating = 1
	EndGlobalSection
	GlobalSection(SolutionConfigurationPlatforms) = preSolution
		Debug|Any CPU = Debug|Any CPU
		Release|Any CPU = Release|Any CPU
	EndGlobalSection
	GlobalSection(ProjectConfigurationPlatforms) = postSolution
		{31336043-44C9-43BD-B08B-A55E3F877DDA}.Debug|Any CPU.ActiveCfg = Debug|Any CPU
		{31336043-44C9-43BD-B08B-A55E3F877DDA}.Debug|Any CPU.Build.0 = Debug|Any CPU
		{31336043-44C9-43BD-B08B-A55E3F877DDA}.Release|Any CPU.ActiveCfg = Release|Any CPU
		{31336043-44C9-43BD-B08B-A55E3F877DDA}.Release|Any CPU.Build.0 = Release|Any CPU
		{699590CD-B464-49A3-959F-F7470A82B14A}.Debug|Any CPU.ActiveCfg = Debug|Any CPU
		{699590CD-B464-49A3-959F-F7470A82B14A}.Debug|Any CPU.Build.0 = Debug|Any CPU
		{699590CD-B464-49A3-959F-F7470A82B14A}.Release|Any CPU.ActiveCfg = Release|Any CPU
		{699590CD-B464-49A3-959F-F7470A82B14A}.Release|Any CPU.Build.0 = Release|Any CPU
	EndGlobalSection
	GlobalSection(SolutionProperties) = preSolution
		HideSolutionNode = FALSE
	EndGlobalSection
EndGlobal
