Microsoft Visual Studio Solution File, Format Version 12.00
# Visual Studio 2013
VisualStudioVersion = 12.0.31101.0
MinimumVisualStudioVersion = 10.0.40219.1
Project("{2150E333-8FDC-42A3-9474-1A3956D46DE8}") = "Solution Items", "Solution Items", "{7DE79E8B-4C0C-4E5E-82D4-324C252E4436}"
	ProjectSection(SolutionItems) = preProject
		BasicWebService.vsmdi = BasicWebService.vsmdi
		localtestrun.testrunconfig = localtestrun.testrunconfig
	EndProjectSection
	ProjectSection(FolderStartupServices) = postProject
		{B4F97281-0DBD-4835-9ED8-7DFB966E87FF} = {B4F97281-0DBD-4835-9ED8-7DFB966E87FF}
	EndProjectSection
EndProject
Project("{E24C65DC-7377-472B-9ABA-BC803B73C61A}") = "WaterWebService", "WaterWebService\", "{7D755735-7BAB-4956-BF2B-32B3C3839023}"
	ProjectSection(WebsiteProperties) = preProject
		TargetFrameworkMoniker = ".NETFramework,Version%3Dv4.0"
		ProjectReferences = "{A1B499C5-1A02-4E66-9DFB-CFBE4A23E7F4}|WOFService.dll;{31336043-44C9-43BD-B08B-A55E3F877DDA}|EPAWOFService.dll;{2827D644-4DD6-4206-9203-EF48B586CD38}|WofSchemas.dll;{533D0719-6D5F-4F02-BD8C-B3D829E9DEB2}|waterOneFlowImpl.dll;{9EC0523A-D560-464B-B3E6-F25601BA9F58}|ODMDataInfoSource.dll;{AC9A8B88-23F1-4972-B757-0CA82B3B00EB}|WofCapabilities.dll;{F5784002-25A7-4217-91C3-09EF0BE623C3}|WOFutilities.dll;{5EEAEAA9-A624-4C68-A6B9-250AF448DE4B}|ODM1_1_Datasets.dll;{927436BE-9387-4632-9F60-A68A4BE857B5}|GetResultsXslt.dll;"
		Debug.AspNetCompiler.VirtualPath = "/WaterWebService"
		Debug.AspNetCompiler.PhysicalPath = "WaterWebService\"
		Debug.AspNetCompiler.TargetPath = "PrecompiledWeb\WaterWebService\"
		Debug.AspNetCompiler.Updateable = "true"
		Debug.AspNetCompiler.ForceOverwrite = "true"
		Debug.AspNetCompiler.FixedNames = "false"
		Debug.AspNetCompiler.Debug = "True"
		Release.AspNetCompiler.VirtualPath = "/WaterWebService"
		Release.AspNetCompiler.PhysicalPath = "WaterWebService\"
		Release.AspNetCompiler.TargetPath = "PrecompiledWeb\WaterWebService\"
		Release.AspNetCompiler.Updateable = "true"
		Release.AspNetCompiler.ForceOverwrite = "true"
		Release.AspNetCompiler.FixedNames = "false"
		Release.AspNetCompiler.Debug = "False"
		VWDPort = "39891"
		VWDVirtualPath = "/EPAWofService"
		SlnRelativePath = "WaterWebService\"
		DefaultWebSiteLanguage = "Visual C#"
	EndProjectSection
EndProject
Project("{FAE04EC0-301F-11D3-BF4B-00C04F79EFBC}") = "EPAWOFService", "EPAWOFService\EPAWOFService.csproj", "{31336043-44C9-43BD-B08B-A55E3F877DDA}"
EndProject
Project("{FAE04EC0-301F-11D3-BF4B-00C04F79EFBC}") = "EPAWQXConsole", "EPAWQXConsole\EPAWQXConsole.csproj", "{699590CD-B464-49A3-959F-F7470A82B14A}"
EndProject
Project("{FAE04EC0-301F-11D3-BF4B-00C04F79EFBC}") = "waterOneFlowImpl", "..\waterOneFlowImpl\waterOneFlowImpl.csproj", "{533D0719-6D5F-4F02-BD8C-B3D829E9DEB2}"
EndProject
Project("{FAE04EC0-301F-11D3-BF4B-00C04F79EFBC}") = "WOFService", "..\WOFService\WOFService.csproj", "{A1B499C5-1A02-4E66-9DFB-CFBE4A23E7F4}"
EndProject
Project("{FAE04EC0-301F-11D3-BF4B-00C04F79EFBC}") = "WofSchemas", "..\WofSchemas\WofSchemas.csproj", "{2827D644-4DD6-4206-9203-EF48B586CD38}"
EndProject
Project("{FAE04EC0-301F-11D3-BF4B-00C04F79EFBC}") = "ODM1_1_Datasets", "..\ODM1_1_Datasets\ODM1_1_Datasets.csproj", "{5EEAEAA9-A624-4C68-A6B9-250AF448DE4B}"
EndProject
Project("{FAE04EC0-301F-11D3-BF4B-00C04F79EFBC}") = "WofCapabilities", "..\WofCapabilities\WofCapabilities.csproj", "{AC9A8B88-23F1-4972-B757-0CA82B3B00EB}"
EndProject
Project("{FAE04EC0-301F-11D3-BF4B-00C04F79EFBC}") = "ODMDataInfoSource", "..\ODMDataInfoSource\ODMDataInfoSource.csproj", "{9EC0523A-D560-464B-B3E6-F25601BA9F58}"
EndProject
Project("{FAE04EC0-301F-11D3-BF4B-00C04F79EFBC}") = "WOFutilities", "..\WOFutilities\WOFutilities.csproj", "{F5784002-25A7-4217-91C3-09EF0BE623C3}"
EndProject
Project("{FAE04EC0-301F-11D3-BF4B-00C04F79EFBC}") = "EPAWaterWebService", "EPAWaterWebService\EPAWaterWebService.csproj", "{8E64E1E6-928F-4852-A517-EEC248359C20}"
EndProject
Project("{FAE04EC0-301F-11D3-BF4B-00C04F79EFBC}") = "GetResultsXslt", "GetResultsXslt\GetResultsXslt.csproj", "{927436BE-9387-4632-9F60-A68A4BE857B5}"
EndProject
Project("{2150E333-8FDC-42A3-9474-1A3956D46DE8}") = ".nuget", ".nuget", "{9F09E9A4-98EF-4ECA-A2F1-49008A09565F}"
	ProjectSection(SolutionItems) = preProject
		.nuget\NuGet.Config = .nuget\NuGet.Config
		.nuget\NuGet.exe = .nuget\NuGet.exe
		.nuget\NuGet.targets = .nuget\NuGet.targets
	EndProjectSection
EndProject
Global
	GlobalSection(SolutionConfigurationPlatforms) = preSolution
		Debug|.NET = Debug|.NET
		Debug|Any CPU = Debug|Any CPU
		Debug|Mixed Platforms = Debug|Mixed Platforms
		Release|.NET = Release|.NET
		Release|Any CPU = Release|Any CPU
		Release|Mixed Platforms = Release|Mixed Platforms
		WaterDev|.NET = WaterDev|.NET
		WaterDev|Any CPU = WaterDev|Any CPU
		WaterDev|Mixed Platforms = WaterDev|Mixed Platforms
	EndGlobalSection
	GlobalSection(ProjectConfigurationPlatforms) = postSolution
		{7D755735-7BAB-4956-BF2B-32B3C3839023}.Debug|.NET.ActiveCfg = Debug|Any CPU
		{7D755735-7BAB-4956-BF2B-32B3C3839023}.Debug|Any CPU.ActiveCfg = Debug|Any CPU
		{7D755735-7BAB-4956-BF2B-32B3C3839023}.Debug|Any CPU.Build.0 = Debug|Any CPU
		{7D755735-7BAB-4956-BF2B-32B3C3839023}.Debug|Mixed Platforms.ActiveCfg = Debug|Any CPU
		{7D755735-7BAB-4956-BF2B-32B3C3839023}.Debug|Mixed Platforms.Build.0 = Debug|Any CPU
		{7D755735-7BAB-4956-BF2B-32B3C3839023}.Release|.NET.ActiveCfg = Debug|Any CPU
		{7D755735-7BAB-4956-BF2B-32B3C3839023}.Release|Any CPU.ActiveCfg = Debug|Any CPU
		{7D755735-7BAB-4956-BF2B-32B3C3839023}.Release|Any CPU.Build.0 = Debug|Any CPU
		{7D755735-7BAB-4956-BF2B-32B3C3839023}.Release|Mixed Platforms.ActiveCfg = Debug|Any CPU
		{7D755735-7BAB-4956-BF2B-32B3C3839023}.Release|Mixed Platforms.Build.0 = Debug|Any CPU
		{7D755735-7BAB-4956-BF2B-32B3C3839023}.WaterDev|.NET.ActiveCfg = Debug|Any CPU
		{7D755735-7BAB-4956-BF2B-32B3C3839023}.WaterDev|Any CPU.ActiveCfg = Debug|Any CPU
		{7D755735-7BAB-4956-BF2B-32B3C3839023}.WaterDev|Any CPU.Build.0 = Debug|Any CPU
		{7D755735-7BAB-4956-BF2B-32B3C3839023}.WaterDev|Mixed Platforms.ActiveCfg = Debug|Any CPU
		{7D755735-7BAB-4956-BF2B-32B3C3839023}.WaterDev|Mixed Platforms.Build.0 = Debug|Any CPU
		{31336043-44C9-43BD-B08B-A55E3F877DDA}.Debug|.NET.ActiveCfg = Debug|Any CPU
		{31336043-44C9-43BD-B08B-A55E3F877DDA}.Debug|Any CPU.ActiveCfg = Debug|Any CPU
		{31336043-44C9-43BD-B08B-A55E3F877DDA}.Debug|Any CPU.Build.0 = Debug|Any CPU
		{31336043-44C9-43BD-B08B-A55E3F877DDA}.Debug|Mixed Platforms.ActiveCfg = Debug|Any CPU
		{31336043-44C9-43BD-B08B-A55E3F877DDA}.Debug|Mixed Platforms.Build.0 = Debug|Any CPU
		{31336043-44C9-43BD-B08B-A55E3F877DDA}.Release|.NET.ActiveCfg = Release|Any CPU
		{31336043-44C9-43BD-B08B-A55E3F877DDA}.Release|Any CPU.ActiveCfg = Release|Any CPU
		{31336043-44C9-43BD-B08B-A55E3F877DDA}.Release|Any CPU.Build.0 = Release|Any CPU
		{31336043-44C9-43BD-B08B-A55E3F877DDA}.Release|Mixed Platforms.ActiveCfg = Release|Any CPU
		{31336043-44C9-43BD-B08B-A55E3F877DDA}.Release|Mixed Platforms.Build.0 = Release|Any CPU
		{31336043-44C9-43BD-B08B-A55E3F877DDA}.WaterDev|.NET.ActiveCfg = Release|Any CPU
		{31336043-44C9-43BD-B08B-A55E3F877DDA}.WaterDev|Any CPU.ActiveCfg = Release|Any CPU
		{31336043-44C9-43BD-B08B-A55E3F877DDA}.WaterDev|Any CPU.Build.0 = Release|Any CPU
		{31336043-44C9-43BD-B08B-A55E3F877DDA}.WaterDev|Mixed Platforms.ActiveCfg = Release|Any CPU
		{31336043-44C9-43BD-B08B-A55E3F877DDA}.WaterDev|Mixed Platforms.Build.0 = Release|Any CPU
		{699590CD-B464-49A3-959F-F7470A82B14A}.Debug|.NET.ActiveCfg = Debug|Any CPU
		{699590CD-B464-49A3-959F-F7470A82B14A}.Debug|Any CPU.ActiveCfg = Debug|Any CPU
		{699590CD-B464-49A3-959F-F7470A82B14A}.Debug|Any CPU.Build.0 = Debug|Any CPU
		{699590CD-B464-49A3-959F-F7470A82B14A}.Debug|Mixed Platforms.ActiveCfg = Debug|Any CPU
		{699590CD-B464-49A3-959F-F7470A82B14A}.Debug|Mixed Platforms.Build.0 = Debug|Any CPU
		{699590CD-B464-49A3-959F-F7470A82B14A}.Release|.NET.ActiveCfg = Release|Any CPU
		{699590CD-B464-49A3-959F-F7470A82B14A}.Release|Any CPU.ActiveCfg = Release|Any CPU
		{699590CD-B464-49A3-959F-F7470A82B14A}.Release|Any CPU.Build.0 = Release|Any CPU
		{699590CD-B464-49A3-959F-F7470A82B14A}.Release|Mixed Platforms.ActiveCfg = Release|Any CPU
		{699590CD-B464-49A3-959F-F7470A82B14A}.Release|Mixed Platforms.Build.0 = Release|Any CPU
		{699590CD-B464-49A3-959F-F7470A82B14A}.WaterDev|.NET.ActiveCfg = Release|Any CPU
		{699590CD-B464-49A3-959F-F7470A82B14A}.WaterDev|Any CPU.ActiveCfg = Release|Any CPU
		{699590CD-B464-49A3-959F-F7470A82B14A}.WaterDev|Any CPU.Build.0 = Release|Any CPU
		{699590CD-B464-49A3-959F-F7470A82B14A}.WaterDev|Mixed Platforms.ActiveCfg = Release|Any CPU
		{699590CD-B464-49A3-959F-F7470A82B14A}.WaterDev|Mixed Platforms.Build.0 = Release|Any CPU
		{533D0719-6D5F-4F02-BD8C-B3D829E9DEB2}.Debug|.NET.ActiveCfg = Debug|Any CPU
		{533D0719-6D5F-4F02-BD8C-B3D829E9DEB2}.Debug|Any CPU.ActiveCfg = Debug|Any CPU
		{533D0719-6D5F-4F02-BD8C-B3D829E9DEB2}.Debug|Any CPU.Build.0 = Debug|Any CPU
		{533D0719-6D5F-4F02-BD8C-B3D829E9DEB2}.Debug|Mixed Platforms.ActiveCfg = Debug|Any CPU
		{533D0719-6D5F-4F02-BD8C-B3D829E9DEB2}.Debug|Mixed Platforms.Build.0 = Debug|Any CPU
		{533D0719-6D5F-4F02-BD8C-B3D829E9DEB2}.Release|.NET.ActiveCfg = Release|Any CPU
		{533D0719-6D5F-4F02-BD8C-B3D829E9DEB2}.Release|Any CPU.ActiveCfg = Release|Any CPU
		{533D0719-6D5F-4F02-BD8C-B3D829E9DEB2}.Release|Any CPU.Build.0 = Release|Any CPU
		{533D0719-6D5F-4F02-BD8C-B3D829E9DEB2}.Release|Mixed Platforms.ActiveCfg = Release|Any CPU
		{533D0719-6D5F-4F02-BD8C-B3D829E9DEB2}.Release|Mixed Platforms.Build.0 = Release|Any CPU
		{533D0719-6D5F-4F02-BD8C-B3D829E9DEB2}.WaterDev|.NET.ActiveCfg = WaterDev|Any CPU
		{533D0719-6D5F-4F02-BD8C-B3D829E9DEB2}.WaterDev|Any CPU.ActiveCfg = WaterDev|Any CPU
		{533D0719-6D5F-4F02-BD8C-B3D829E9DEB2}.WaterDev|Any CPU.Build.0 = WaterDev|Any CPU
		{533D0719-6D5F-4F02-BD8C-B3D829E9DEB2}.WaterDev|Mixed Platforms.ActiveCfg = WaterDev|Any CPU
		{533D0719-6D5F-4F02-BD8C-B3D829E9DEB2}.WaterDev|Mixed Platforms.Build.0 = WaterDev|Any CPU
		{A1B499C5-1A02-4E66-9DFB-CFBE4A23E7F4}.Debug|.NET.ActiveCfg = Debug|Any CPU
		{A1B499C5-1A02-4E66-9DFB-CFBE4A23E7F4}.Debug|Any CPU.ActiveCfg = Debug|Any CPU
		{A1B499C5-1A02-4E66-9DFB-CFBE4A23E7F4}.Debug|Any CPU.Build.0 = Debug|Any CPU
		{A1B499C5-1A02-4E66-9DFB-CFBE4A23E7F4}.Debug|Mixed Platforms.ActiveCfg = Debug|Any CPU
		{A1B499C5-1A02-4E66-9DFB-CFBE4A23E7F4}.Debug|Mixed Platforms.Build.0 = Debug|Any CPU
		{A1B499C5-1A02-4E66-9DFB-CFBE4A23E7F4}.Release|.NET.ActiveCfg = Release|Any CPU
		{A1B499C5-1A02-4E66-9DFB-CFBE4A23E7F4}.Release|Any CPU.ActiveCfg = Release|Any CPU
		{A1B499C5-1A02-4E66-9DFB-CFBE4A23E7F4}.Release|Any CPU.Build.0 = Release|Any CPU
		{A1B499C5-1A02-4E66-9DFB-CFBE4A23E7F4}.Release|Mixed Platforms.ActiveCfg = Release|Any CPU
		{A1B499C5-1A02-4E66-9DFB-CFBE4A23E7F4}.Release|Mixed Platforms.Build.0 = Release|Any CPU
		{A1B499C5-1A02-4E66-9DFB-CFBE4A23E7F4}.WaterDev|.NET.ActiveCfg = Release|Any CPU
		{A1B499C5-1A02-4E66-9DFB-CFBE4A23E7F4}.WaterDev|Any CPU.ActiveCfg = Release|Any CPU
		{A1B499C5-1A02-4E66-9DFB-CFBE4A23E7F4}.WaterDev|Any CPU.Build.0 = Release|Any CPU
		{A1B499C5-1A02-4E66-9DFB-CFBE4A23E7F4}.WaterDev|Mixed Platforms.ActiveCfg = Release|Any CPU
		{A1B499C5-1A02-4E66-9DFB-CFBE4A23E7F4}.WaterDev|Mixed Platforms.Build.0 = Release|Any CPU
		{2827D644-4DD6-4206-9203-EF48B586CD38}.Debug|.NET.ActiveCfg = Debug|Any CPU
		{2827D644-4DD6-4206-9203-EF48B586CD38}.Debug|Any CPU.ActiveCfg = Debug|Any CPU
		{2827D644-4DD6-4206-9203-EF48B586CD38}.Debug|Any CPU.Build.0 = Debug|Any CPU
		{2827D644-4DD6-4206-9203-EF48B586CD38}.Debug|Mixed Platforms.ActiveCfg = Debug|Any CPU
		{2827D644-4DD6-4206-9203-EF48B586CD38}.Debug|Mixed Platforms.Build.0 = Debug|Any CPU
		{2827D644-4DD6-4206-9203-EF48B586CD38}.Release|.NET.ActiveCfg = Release|Any CPU
		{2827D644-4DD6-4206-9203-EF48B586CD38}.Release|Any CPU.ActiveCfg = Release|Any CPU
		{2827D644-4DD6-4206-9203-EF48B586CD38}.Release|Any CPU.Build.0 = Release|Any CPU
		{2827D644-4DD6-4206-9203-EF48B586CD38}.Release|Mixed Platforms.ActiveCfg = Release|Any CPU
		{2827D644-4DD6-4206-9203-EF48B586CD38}.Release|Mixed Platforms.Build.0 = Release|Any CPU
		{2827D644-4DD6-4206-9203-EF48B586CD38}.WaterDev|.NET.ActiveCfg = Release|Any CPU
		{2827D644-4DD6-4206-9203-EF48B586CD38}.WaterDev|Any CPU.ActiveCfg = Release|Any CPU
		{2827D644-4DD6-4206-9203-EF48B586CD38}.WaterDev|Any CPU.Build.0 = Release|Any CPU
		{2827D644-4DD6-4206-9203-EF48B586CD38}.WaterDev|Mixed Platforms.ActiveCfg = Release|Any CPU
		{2827D644-4DD6-4206-9203-EF48B586CD38}.WaterDev|Mixed Platforms.Build.0 = Release|Any CPU
		{5EEAEAA9-A624-4C68-A6B9-250AF448DE4B}.Debug|.NET.ActiveCfg = Debug|Any CPU
		{5EEAEAA9-A624-4C68-A6B9-250AF448DE4B}.Debug|Any CPU.ActiveCfg = Debug|Any CPU
		{5EEAEAA9-A624-4C68-A6B9-250AF448DE4B}.Debug|Any CPU.Build.0 = Debug|Any CPU
		{5EEAEAA9-A624-4C68-A6B9-250AF448DE4B}.Debug|Mixed Platforms.ActiveCfg = Debug|Any CPU
		{5EEAEAA9-A624-4C68-A6B9-250AF448DE4B}.Debug|Mixed Platforms.Build.0 = Debug|Any CPU
		{5EEAEAA9-A624-4C68-A6B9-250AF448DE4B}.Release|.NET.ActiveCfg = Release|Any CPU
		{5EEAEAA9-A624-4C68-A6B9-250AF448DE4B}.Release|Any CPU.ActiveCfg = Release|Any CPU
		{5EEAEAA9-A624-4C68-A6B9-250AF448DE4B}.Release|Any CPU.Build.0 = Release|Any CPU
		{5EEAEAA9-A624-4C68-A6B9-250AF448DE4B}.Release|Mixed Platforms.ActiveCfg = Release|Any CPU
		{5EEAEAA9-A624-4C68-A6B9-250AF448DE4B}.Release|Mixed Platforms.Build.0 = Release|Any CPU
		{5EEAEAA9-A624-4C68-A6B9-250AF448DE4B}.WaterDev|.NET.ActiveCfg = Release|Any CPU
		{5EEAEAA9-A624-4C68-A6B9-250AF448DE4B}.WaterDev|Any CPU.ActiveCfg = Release|Any CPU
		{5EEAEAA9-A624-4C68-A6B9-250AF448DE4B}.WaterDev|Any CPU.Build.0 = Release|Any CPU
		{5EEAEAA9-A624-4C68-A6B9-250AF448DE4B}.WaterDev|Mixed Platforms.ActiveCfg = Release|Any CPU
		{5EEAEAA9-A624-4C68-A6B9-250AF448DE4B}.WaterDev|Mixed Platforms.Build.0 = Release|Any CPU
		{AC9A8B88-23F1-4972-B757-0CA82B3B00EB}.Debug|.NET.ActiveCfg = Debug|Any CPU
		{AC9A8B88-23F1-4972-B757-0CA82B3B00EB}.Debug|Any CPU.ActiveCfg = Debug|Any CPU
		{AC9A8B88-23F1-4972-B757-0CA82B3B00EB}.Debug|Any CPU.Build.0 = Debug|Any CPU
		{AC9A8B88-23F1-4972-B757-0CA82B3B00EB}.Debug|Mixed Platforms.ActiveCfg = Debug|Any CPU
		{AC9A8B88-23F1-4972-B757-0CA82B3B00EB}.Debug|Mixed Platforms.Build.0 = Debug|Any CPU
		{AC9A8B88-23F1-4972-B757-0CA82B3B00EB}.Release|.NET.ActiveCfg = Release|Any CPU
		{AC9A8B88-23F1-4972-B757-0CA82B3B00EB}.Release|Any CPU.ActiveCfg = Release|Any CPU
		{AC9A8B88-23F1-4972-B757-0CA82B3B00EB}.Release|Any CPU.Build.0 = Release|Any CPU
		{AC9A8B88-23F1-4972-B757-0CA82B3B00EB}.Release|Mixed Platforms.ActiveCfg = Release|Any CPU
		{AC9A8B88-23F1-4972-B757-0CA82B3B00EB}.Release|Mixed Platforms.Build.0 = Release|Any CPU
		{AC9A8B88-23F1-4972-B757-0CA82B3B00EB}.WaterDev|.NET.ActiveCfg = Release|Any CPU
		{AC9A8B88-23F1-4972-B757-0CA82B3B00EB}.WaterDev|Any CPU.ActiveCfg = Release|Any CPU
		{AC9A8B88-23F1-4972-B757-0CA82B3B00EB}.WaterDev|Any CPU.Build.0 = Release|Any CPU
		{AC9A8B88-23F1-4972-B757-0CA82B3B00EB}.WaterDev|Mixed Platforms.ActiveCfg = Release|Any CPU
		{AC9A8B88-23F1-4972-B757-0CA82B3B00EB}.WaterDev|Mixed Platforms.Build.0 = Release|Any CPU
		{9EC0523A-D560-464B-B3E6-F25601BA9F58}.Debug|.NET.ActiveCfg = Debug|Any CPU
		{9EC0523A-D560-464B-B3E6-F25601BA9F58}.Debug|Any CPU.ActiveCfg = Debug|Any CPU
		{9EC0523A-D560-464B-B3E6-F25601BA9F58}.Debug|Any CPU.Build.0 = Debug|Any CPU
		{9EC0523A-D560-464B-B3E6-F25601BA9F58}.Debug|Mixed Platforms.ActiveCfg = Debug|Any CPU
		{9EC0523A-D560-464B-B3E6-F25601BA9F58}.Debug|Mixed Platforms.Build.0 = Debug|Any CPU
		{9EC0523A-D560-464B-B3E6-F25601BA9F58}.Release|.NET.ActiveCfg = Release|Any CPU
		{9EC0523A-D560-464B-B3E6-F25601BA9F58}.Release|Any CPU.ActiveCfg = Release|Any CPU
		{9EC0523A-D560-464B-B3E6-F25601BA9F58}.Release|Any CPU.Build.0 = Release|Any CPU
		{9EC0523A-D560-464B-B3E6-F25601BA9F58}.Release|Mixed Platforms.ActiveCfg = Release|Any CPU
		{9EC0523A-D560-464B-B3E6-F25601BA9F58}.Release|Mixed Platforms.Build.0 = Release|Any CPU
		{9EC0523A-D560-464B-B3E6-F25601BA9F58}.WaterDev|.NET.ActiveCfg = Release|Any CPU
		{9EC0523A-D560-464B-B3E6-F25601BA9F58}.WaterDev|Any CPU.ActiveCfg = Release|Any CPU
		{9EC0523A-D560-464B-B3E6-F25601BA9F58}.WaterDev|Any CPU.Build.0 = Release|Any CPU
		{9EC0523A-D560-464B-B3E6-F25601BA9F58}.WaterDev|Mixed Platforms.ActiveCfg = Release|Any CPU
		{9EC0523A-D560-464B-B3E6-F25601BA9F58}.WaterDev|Mixed Platforms.Build.0 = Release|Any CPU
		{F5784002-25A7-4217-91C3-09EF0BE623C3}.Debug|.NET.ActiveCfg = Debug|Any CPU
		{F5784002-25A7-4217-91C3-09EF0BE623C3}.Debug|Any CPU.ActiveCfg = Debug|Any CPU
		{F5784002-25A7-4217-91C3-09EF0BE623C3}.Debug|Any CPU.Build.0 = Debug|Any CPU
		{F5784002-25A7-4217-91C3-09EF0BE623C3}.Debug|Mixed Platforms.ActiveCfg = Debug|Any CPU
		{F5784002-25A7-4217-91C3-09EF0BE623C3}.Debug|Mixed Platforms.Build.0 = Debug|Any CPU
		{F5784002-25A7-4217-91C3-09EF0BE623C3}.Release|.NET.ActiveCfg = Release|Any CPU
		{F5784002-25A7-4217-91C3-09EF0BE623C3}.Release|Any CPU.ActiveCfg = Release|Any CPU
		{F5784002-25A7-4217-91C3-09EF0BE623C3}.Release|Any CPU.Build.0 = Release|Any CPU
		{F5784002-25A7-4217-91C3-09EF0BE623C3}.Release|Mixed Platforms.ActiveCfg = Release|Any CPU
		{F5784002-25A7-4217-91C3-09EF0BE623C3}.Release|Mixed Platforms.Build.0 = Release|Any CPU
		{F5784002-25A7-4217-91C3-09EF0BE623C3}.WaterDev|.NET.ActiveCfg = Release|Any CPU
		{F5784002-25A7-4217-91C3-09EF0BE623C3}.WaterDev|Any CPU.ActiveCfg = Release|Any CPU
		{F5784002-25A7-4217-91C3-09EF0BE623C3}.WaterDev|Any CPU.Build.0 = Release|Any CPU
		{F5784002-25A7-4217-91C3-09EF0BE623C3}.WaterDev|Mixed Platforms.ActiveCfg = Release|Any CPU
		{F5784002-25A7-4217-91C3-09EF0BE623C3}.WaterDev|Mixed Platforms.Build.0 = Release|Any CPU
		{8E64E1E6-928F-4852-A517-EEC248359C20}.Debug|.NET.ActiveCfg = Debug|Any CPU
		{8E64E1E6-928F-4852-A517-EEC248359C20}.Debug|Any CPU.ActiveCfg = Debug|Any CPU
		{8E64E1E6-928F-4852-A517-EEC248359C20}.Debug|Any CPU.Build.0 = Debug|Any CPU
		{8E64E1E6-928F-4852-A517-EEC248359C20}.Debug|Mixed Platforms.ActiveCfg = Debug|Any CPU
		{8E64E1E6-928F-4852-A517-EEC248359C20}.Debug|Mixed Platforms.Build.0 = Debug|Any CPU
		{8E64E1E6-928F-4852-A517-EEC248359C20}.Release|.NET.ActiveCfg = Release|Any CPU
		{8E64E1E6-928F-4852-A517-EEC248359C20}.Release|Any CPU.ActiveCfg = Release|Any CPU
		{8E64E1E6-928F-4852-A517-EEC248359C20}.Release|Any CPU.Build.0 = Release|Any CPU
		{8E64E1E6-928F-4852-A517-EEC248359C20}.Release|Mixed Platforms.ActiveCfg = Release|Any CPU
		{8E64E1E6-928F-4852-A517-EEC248359C20}.Release|Mixed Platforms.Build.0 = Release|Any CPU
		{8E64E1E6-928F-4852-A517-EEC248359C20}.WaterDev|.NET.ActiveCfg = Release|Any CPU
		{8E64E1E6-928F-4852-A517-EEC248359C20}.WaterDev|Any CPU.ActiveCfg = Release|Any CPU
		{8E64E1E6-928F-4852-A517-EEC248359C20}.WaterDev|Any CPU.Build.0 = Release|Any CPU
		{8E64E1E6-928F-4852-A517-EEC248359C20}.WaterDev|Mixed Platforms.ActiveCfg = Release|Any CPU
		{8E64E1E6-928F-4852-A517-EEC248359C20}.WaterDev|Mixed Platforms.Build.0 = Release|Any CPU
		{927436BE-9387-4632-9F60-A68A4BE857B5}.Debug|.NET.ActiveCfg = Debug|Any CPU
		{927436BE-9387-4632-9F60-A68A4BE857B5}.Debug|Any CPU.ActiveCfg = Debug|Any CPU
		{927436BE-9387-4632-9F60-A68A4BE857B5}.Debug|Any CPU.Build.0 = Debug|Any CPU
		{927436BE-9387-4632-9F60-A68A4BE857B5}.Debug|Mixed Platforms.ActiveCfg = Debug|Any CPU
		{927436BE-9387-4632-9F60-A68A4BE857B5}.Debug|Mixed Platforms.Build.0 = Debug|Any CPU
		{927436BE-9387-4632-9F60-A68A4BE857B5}.Release|.NET.ActiveCfg = Release|Any CPU
		{927436BE-9387-4632-9F60-A68A4BE857B5}.Release|Any CPU.ActiveCfg = Release|Any CPU
		{927436BE-9387-4632-9F60-A68A4BE857B5}.Release|Any CPU.Build.0 = Release|Any CPU
		{927436BE-9387-4632-9F60-A68A4BE857B5}.Release|Mixed Platforms.ActiveCfg = Release|Any CPU
		{927436BE-9387-4632-9F60-A68A4BE857B5}.Release|Mixed Platforms.Build.0 = Release|Any CPU
		{927436BE-9387-4632-9F60-A68A4BE857B5}.WaterDev|.NET.ActiveCfg = Release|Any CPU
		{927436BE-9387-4632-9F60-A68A4BE857B5}.WaterDev|Any CPU.ActiveCfg = Release|Any CPU
		{927436BE-9387-4632-9F60-A68A4BE857B5}.WaterDev|Any CPU.Build.0 = Release|Any CPU
		{927436BE-9387-4632-9F60-A68A4BE857B5}.WaterDev|Mixed Platforms.ActiveCfg = Release|Any CPU
		{927436BE-9387-4632-9F60-A68A4BE857B5}.WaterDev|Mixed Platforms.Build.0 = Release|Any CPU
	EndGlobalSection
	GlobalSection(SolutionProperties) = preSolution
		HideSolutionNode = FALSE
	EndGlobalSection
	GlobalSection(TestCaseManagementSettings) = postSolution
		CategoryFile = BasicWebService.vsmdi
	EndGlobalSection
	GlobalSection(TextTemplating) = postSolution
		TextTemplating = 1
	EndGlobalSection
EndGlobal
